// !$*UTF8*$!
{
	archiveVersion = 1;
	classes = {
	};
	objectVersion = 46;
	objects = {

/* Begin PBXBuildFile section */
		D11905151DD632970088D957 /* UIKit.framework in Frameworks */ = {isa = PBXBuildFile; fileRef = D11905141DD632970088D957 /* UIKit.framework */; };
		D11905161DD632970088D957 /* UIKit.framework in Embed Frameworks */ = {isa = PBXBuildFile; fileRef = D11905141DD632970088D957 /* UIKit.framework */; settings = {ATTRIBUTES = (CodeSignOnCopy, RemoveHeadersOnCopy, ); }; };
		D11B441E1DD2476F00343C58 /* Code-Bold.otf in Resources */ = {isa = PBXBuildFile; fileRef = D11B441D1DD2476F00343C58 /* Code-Bold.otf */; };
		D127FAF41DD9EABE00DF0647 /* Linearicons-Free.ttf in Resources */ = {isa = PBXBuildFile; fileRef = D127FAF31DD9EABE00DF0647 /* Linearicons-Free.ttf */; };
		D127FB051DD9ED3A00DF0647 /* Roboto-Black.ttf in Resources */ = {isa = PBXBuildFile; fileRef = D127FAF51DD9ED3A00DF0647 /* Roboto-Black.ttf */; };
		D127FB061DD9ED3A00DF0647 /* Roboto-BlackItalic.ttf in Resources */ = {isa = PBXBuildFile; fileRef = D127FAF61DD9ED3A00DF0647 /* Roboto-BlackItalic.ttf */; };
		D127FB071DD9ED3A00DF0647 /* Roboto-Bold.ttf in Resources */ = {isa = PBXBuildFile; fileRef = D127FAF71DD9ED3A00DF0647 /* Roboto-Bold.ttf */; };
		D127FB081DD9ED3A00DF0647 /* Roboto-BoldCondensed.ttf in Resources */ = {isa = PBXBuildFile; fileRef = D127FAF81DD9ED3A00DF0647 /* Roboto-BoldCondensed.ttf */; };
		D127FB091DD9ED3A00DF0647 /* Roboto-BoldCondensedItalic.ttf in Resources */ = {isa = PBXBuildFile; fileRef = D127FAF91DD9ED3A00DF0647 /* Roboto-BoldCondensedItalic.ttf */; };
		D127FB0A1DD9ED3A00DF0647 /* Roboto-BoldItalic.ttf in Resources */ = {isa = PBXBuildFile; fileRef = D127FAFA1DD9ED3A00DF0647 /* Roboto-BoldItalic.ttf */; };
		D127FB0B1DD9ED3A00DF0647 /* Roboto-Condensed.ttf in Resources */ = {isa = PBXBuildFile; fileRef = D127FAFB1DD9ED3A00DF0647 /* Roboto-Condensed.ttf */; };
		D127FB0C1DD9ED3A00DF0647 /* Roboto-CondensedItalic.ttf in Resources */ = {isa = PBXBuildFile; fileRef = D127FAFC1DD9ED3A00DF0647 /* Roboto-CondensedItalic.ttf */; };
		D127FB0D1DD9ED3A00DF0647 /* Roboto-Italic.ttf in Resources */ = {isa = PBXBuildFile; fileRef = D127FAFD1DD9ED3A00DF0647 /* Roboto-Italic.ttf */; };
		D127FB0E1DD9ED3A00DF0647 /* Roboto-Light.ttf in Resources */ = {isa = PBXBuildFile; fileRef = D127FAFE1DD9ED3A00DF0647 /* Roboto-Light.ttf */; };
		D127FB0F1DD9ED3A00DF0647 /* Roboto-LightItalic.ttf in Resources */ = {isa = PBXBuildFile; fileRef = D127FAFF1DD9ED3A00DF0647 /* Roboto-LightItalic.ttf */; };
		D127FB101DD9ED3A00DF0647 /* Roboto-Medium.ttf in Resources */ = {isa = PBXBuildFile; fileRef = D127FB001DD9ED3A00DF0647 /* Roboto-Medium.ttf */; };
		D127FB111DD9ED3A00DF0647 /* Roboto-MediumItalic.ttf in Resources */ = {isa = PBXBuildFile; fileRef = D127FB011DD9ED3A00DF0647 /* Roboto-MediumItalic.ttf */; };
		D127FB121DD9ED3A00DF0647 /* Roboto-Regular.ttf in Resources */ = {isa = PBXBuildFile; fileRef = D127FB021DD9ED3A00DF0647 /* Roboto-Regular.ttf */; };
		D127FB131DD9ED3A00DF0647 /* Roboto-Thin.ttf in Resources */ = {isa = PBXBuildFile; fileRef = D127FB031DD9ED3A00DF0647 /* Roboto-Thin.ttf */; };
		D127FB141DD9ED3A00DF0647 /* Roboto-ThinItalic.ttf in Resources */ = {isa = PBXBuildFile; fileRef = D127FB041DD9ED3A00DF0647 /* Roboto-ThinItalic.ttf */; };
		D16048CA1DD3847B00A1B328 /* MainView.m in Sources */ = {isa = PBXBuildFile; fileRef = D16048C91DD3847B00A1B328 /* MainView.m */; };
		D16E457D1DD1DDF4003E921E /* StyleDefinitions.m in Sources */ = {isa = PBXBuildFile; fileRef = D16E457C1DD1DDF4003E921E /* StyleDefinitions.m */; };
		D18814F01DD5E4FF006CB064 /* Cocoa.framework in Frameworks */ = {isa = PBXBuildFile; fileRef = D18814EF1DD5E4FF006CB064 /* Cocoa.framework */; };
		D18814F21DD5E50E006CB064 /* Quartz.framework in Frameworks */ = {isa = PBXBuildFile; fileRef = D18814F11DD5E50E006CB064 /* Quartz.framework */; };
		D18814F41DD5E55D006CB064 /* apple.png in Resources */ = {isa = PBXBuildFile; fileRef = D18814F31DD5E55D006CB064 /* apple.png */; };
		D1962EED1DD4A8E400411E5F /* TesterViewController.m in Sources */ = {isa = PBXBuildFile; fileRef = D1962EEC1DD4A8E400411E5F /* TesterViewController.m */; };
		D1962EF01DD4A8FA00411E5F /* ChameleonAppDelegate.m in Sources */ = {isa = PBXBuildFile; fileRef = D1962EEF1DD4A8FA00411E5F /* ChameleonAppDelegate.m */; };
		EA0228CC1DC15EF4009EC56E /* AppDelegate.m in Sources */ = {isa = PBXBuildFile; fileRef = EA0228CB1DC15EF4009EC56E /* AppDelegate.m */; };
		EA0228CF1DC15EF4009EC56E /* main.m in Sources */ = {isa = PBXBuildFile; fileRef = EA0228CE1DC15EF4009EC56E /* main.m */; };
		EA0228D11DC15EF4009EC56E /* Assets.xcassets in Resources */ = {isa = PBXBuildFile; fileRef = EA0228D01DC15EF4009EC56E /* Assets.xcassets */; };
		EA0228D41DC15EF4009EC56E /* MainMenu.xib in Resources */ = {isa = PBXBuildFile; fileRef = EA0228D21DC15EF4009EC56E /* MainMenu.xib */; };
		EA02291C1DC1749E009EC56E /* NoodleLineNumberView.m in Sources */ = {isa = PBXBuildFile; fileRef = EA0229071DC1749E009EC56E /* NoodleLineNumberView.m */; settings = {COMPILER_FLAGS = "-fno-objc-arc"; }; };
		EA0DA9E31DDA870C00803AE9 /* j_placeholder_list.png in Resources */ = {isa = PBXBuildFile; fileRef = EA0DA9E21DDA870C00803AE9 /* j_placeholder_list.png */; };
		EA192B6F1DD1432800B54034 /* StylerView.m in Sources */ = {isa = PBXBuildFile; fileRef = EA192B6E1DD1432800B54034 /* StylerView.m */; };
		EA192B721DD143D900B54034 /* MIAUIStyle.xib in Resources */ = {isa = PBXBuildFile; fileRef = EA192B711DD143D900B54034 /* MIAUIStyle.xib */; };
		EA1D84C51DDA7D0F0071DB4B /* CustomWindow.m in Sources */ = {isa = PBXBuildFile; fileRef = EA1D84C41DDA7D0F0071DB4B /* CustomWindow.m */; };
		EA1D84CA1DDA83CE0071DB4B /* placeholder_list.png in Resources */ = {isa = PBXBuildFile; fileRef = EA1D84C91DDA83CE0071DB4B /* placeholder_list.png */; };
		EA2C0E331DC521410082EE70 /* MIAUIComponent.xib in Resources */ = {isa = PBXBuildFile; fileRef = EA2C0E321DC521410082EE70 /* MIAUIComponent.xib */; };
		EA30CAE51DD77CEC001F397C /* FileManager.m in Sources */ = {isa = PBXBuildFile; fileRef = EA30CAE41DD77CEC001F397C /* FileManager.m */; };
		EA30CAEF1DD780FC001F397C /* LoadJsonWindow.m in Sources */ = {isa = PBXBuildFile; fileRef = EA30CAED1DD780FC001F397C /* LoadJsonWindow.m */; };
		EA30CAF01DD780FC001F397C /* LoadJsonWindow.xib in Resources */ = {isa = PBXBuildFile; fileRef = EA30CAEE1DD780FC001F397C /* LoadJsonWindow.xib */; };
		EA3CFCE21DDBCD8F00EBB8A1 /* Jennifer Lynne.ttf in Resources */ = {isa = PBXBuildFile; fileRef = EA3CFCE11DDBCD8F00EBB8A1 /* Jennifer Lynne.ttf */; };
		EA4B298A1DC8CE4600A08E02 /* fontawesome-webfont.ttf in Resources */ = {isa = PBXBuildFile; fileRef = EA4B29891DC8CE4600A08E02 /* fontawesome-webfont.ttf */; };
		EA4B298C1DC8CED900A08E02 /* Surabanglus.ttf in Resources */ = {isa = PBXBuildFile; fileRef = EA4B298B1DC8CED900A08E02 /* Surabanglus.ttf */; };
		EA4B29921DC8D75600A08E02 /* SignalDataSource.m in Sources */ = {isa = PBXBuildFile; fileRef = EA4B29911DC8D75600A08E02 /* SignalDataSource.m */; };
		EA4B29951DC8D91000A08E02 /* ReceptorDataSource.m in Sources */ = {isa = PBXBuildFile; fileRef = EA4B29941DC8D91000A08E02 /* ReceptorDataSource.m */; };
		EA5DFDD91DC601920016F562 /* MIAObject.m in Sources */ = {isa = PBXBuildFile; fileRef = EA5DFDD81DC601920016F562 /* MIAObject.m */; };
		EA5DFDE11DC613EA0016F562 /* ComponentsView.m in Sources */ = {isa = PBXBuildFile; fileRef = EA5DFDDC1DC613EA0016F562 /* ComponentsView.m */; };
		EA5DFDE21DC613EA0016F562 /* JunctionsView.m in Sources */ = {isa = PBXBuildFile; fileRef = EA5DFDDE1DC613EA0016F562 /* JunctionsView.m */; };
		EA5DFDE31DC613EA0016F562 /* StackView.m in Sources */ = {isa = PBXBuildFile; fileRef = EA5DFDE01DC613EA0016F562 /* StackView.m */; };
		EA5DFDE81DC6141B0016F562 /* ConfirmComponentWindow.m in Sources */ = {isa = PBXBuildFile; fileRef = EA5DFDE61DC6141B0016F562 /* ConfirmComponentWindow.m */; };
		EA5DFDE91DC6141B0016F562 /* ConfirmComponentWindow.xib in Resources */ = {isa = PBXBuildFile; fileRef = EA5DFDE71DC6141B0016F562 /* ConfirmComponentWindow.xib */; };
		EA5DFDED1DC614400016F562 /* ConfirmJunctionWindow.m in Sources */ = {isa = PBXBuildFile; fileRef = EA5DFDEB1DC614400016F562 /* ConfirmJunctionWindow.m */; };
		EA5DFDEE1DC614400016F562 /* ConfirmJunctionWindow.xib in Resources */ = {isa = PBXBuildFile; fileRef = EA5DFDEC1DC614400016F562 /* ConfirmJunctionWindow.xib */; };
		EA5DFDF01DC6275A0016F562 /* MIAUIJunction.xib in Resources */ = {isa = PBXBuildFile; fileRef = EA5DFDEF1DC6275A0016F562 /* MIAUIJunction.xib */; };
		EA5DFDF31DC662810016F562 /* MIAObjectsDecoder.m in Sources */ = {isa = PBXBuildFile; fileRef = EA5DFDF21DC662810016F562 /* MIAObjectsDecoder.m */; };
		EA5DFDF61DC6689C0016F562 /* MIAConfigurationPrinter.m in Sources */ = {isa = PBXBuildFile; fileRef = EA5DFDF51DC6689C0016F562 /* MIAConfigurationPrinter.m */; };
		EA7492E21DD3DD04009A2EF9 /* CustomView.m in Sources */ = {isa = PBXBuildFile; fileRef = EA7492E11DD3DD04009A2EF9 /* CustomView.m */; };
		EA7E78B61DD2608600C3D9D2 /* MenuView.m in Sources */ = {isa = PBXBuildFile; fileRef = EA7E78B51DD2608600C3D9D2 /* MenuView.m */; };
		EA7E78B91DD28EA200C3D9D2 /* StyleElementsTableSource.m in Sources */ = {isa = PBXBuildFile; fileRef = EA7E78B81DD28EA200C3D9D2 /* StyleElementsTableSource.m */; };
		EA7E78BC1DD29B7000C3D9D2 /* ArgsView.m in Sources */ = {isa = PBXBuildFile; fileRef = EA7E78BB1DD29B7000C3D9D2 /* ArgsView.m */; };
		EA8479211DD68876003F0D05 /* XUIKit.framework in Frameworks */ = {isa = PBXBuildFile; fileRef = EA8479201DD68876003F0D05 /* XUIKit.framework */; };
		EA8479221DD68876003F0D05 /* XUIKit.framework in Embed Frameworks */ = {isa = PBXBuildFile; fileRef = EA8479201DD68876003F0D05 /* XUIKit.framework */; settings = {ATTRIBUTES = (CodeSignOnCopy, RemoveHeadersOnCopy, ); }; };
		EA8479251DD68931003F0D05 /* ArgsDataSource.m in Sources */ = {isa = PBXBuildFile; fileRef = EA8479241DD68931003F0D05 /* ArgsDataSource.m */; };
		EACBB4361DC3F3F400C10644 /* Utils.m in Sources */ = {isa = PBXBuildFile; fileRef = EACBB4351DC3F3F400C10644 /* Utils.m */; };
		EACBB44A1DC3FE7800C10644 /* MIAComponent.m in Sources */ = {isa = PBXBuildFile; fileRef = EACBB4451DC3FE7800C10644 /* MIAComponent.m */; };
		EACBB44B1DC3FE7800C10644 /* MIAJunction.m in Sources */ = {isa = PBXBuildFile; fileRef = EACBB4471DC3FE7800C10644 /* MIAJunction.m */; };
		EACBB44C1DC3FE7800C10644 /* MIAStyle.m in Sources */ = {isa = PBXBuildFile; fileRef = EACBB4491DC3FE7800C10644 /* MIAStyle.m */; };
		EACBB44F1DC3FE8E00C10644 /* MIAConfiguration.m in Sources */ = {isa = PBXBuildFile; fileRef = EACBB44E1DC3FE8E00C10644 /* MIAConfiguration.m */; };
		EACBB4631DC404BA00C10644 /* MIAUIComponent.m in Sources */ = {isa = PBXBuildFile; fileRef = EACBB45E1DC404BA00C10644 /* MIAUIComponent.m */; };
		EACBB4641DC404BA00C10644 /* MIAUIJunction.m in Sources */ = {isa = PBXBuildFile; fileRef = EACBB4601DC404BA00C10644 /* MIAUIJunction.m */; };
		EACBB4651DC404BA00C10644 /* MIAUIStyle.m in Sources */ = {isa = PBXBuildFile; fileRef = EACBB4621DC404BA00C10644 /* MIAUIStyle.m */; };
		EACBB4681DC4055500C10644 /* MIAUIObject.m in Sources */ = {isa = PBXBuildFile; fileRef = EACBB4671DC4055500C10644 /* MIAUIObject.m */; };
		EAD405F41DCD47CE00AEA504 /* NoodleLineNumberMarker.m in Sources */ = {isa = PBXBuildFile; fileRef = EAD405F31DCD47CE00AEA504 /* NoodleLineNumberMarker.m */; };
		EAD405F71DCD492A00AEA504 /* CompsReader.m in Sources */ = {isa = PBXBuildFile; fileRef = EAD405F61DCD492A00AEA504 /* CompsReader.m */; };
		EAD405FF1DCD499300AEA504 /* ArrowButton.m in Sources */ = {isa = PBXBuildFile; fileRef = EAD405FA1DCD499300AEA504 /* ArrowButton.m */; };
		EAD406001DCD499300AEA504 /* CancelButton.m in Sources */ = {isa = PBXBuildFile; fileRef = EAD405FC1DCD499300AEA504 /* CancelButton.m */; };
		EAD406011DCD499300AEA504 /* CustomButton.m in Sources */ = {isa = PBXBuildFile; fileRef = EAD405FE1DCD499300AEA504 /* CustomButton.m */; };
		EAD406041DCD4AA000AEA504 /* JunctionsLinker.m in Sources */ = {isa = PBXBuildFile; fileRef = EAD406031DCD4AA000AEA504 /* JunctionsLinker.m */; };
/* End PBXBuildFile section */

/* Begin PBXCopyFilesBuildPhase section */
		D18815041DD5E755006CB064 /* Embed Frameworks */ = {
			isa = PBXCopyFilesBuildPhase;
			buildActionMask = 2147483647;
			dstPath = "";
			dstSubfolderSpec = 10;
			files = (
				EA8479221DD68876003F0D05 /* XUIKit.framework in Embed Frameworks */,
				D11905161DD632970088D957 /* UIKit.framework in Embed Frameworks */,
			);
			name = "Embed Frameworks";
			runOnlyForDeploymentPostprocessing = 0;
		};
/* End PBXCopyFilesBuildPhase section */

/* Begin PBXFileReference section */
		D11905141DD632970088D957 /* UIKit.framework */ = {isa = PBXFileReference; lastKnownFileType = wrapper.framework; path = UIKit.framework; sourceTree = "<group>"; };
		D11B441D1DD2476F00343C58 /* Code-Bold.otf */ = {isa = PBXFileReference; lastKnownFileType = file; path = "Code-Bold.otf"; sourceTree = "<group>"; };
		D127FAF31DD9EABE00DF0647 /* Linearicons-Free.ttf */ = {isa = PBXFileReference; lastKnownFileType = file; path = "Linearicons-Free.ttf"; sourceTree = "<group>"; };
		D127FAF51DD9ED3A00DF0647 /* Roboto-Black.ttf */ = {isa = PBXFileReference; lastKnownFileType = file; path = "Roboto-Black.ttf"; sourceTree = "<group>"; };
		D127FAF61DD9ED3A00DF0647 /* Roboto-BlackItalic.ttf */ = {isa = PBXFileReference; lastKnownFileType = file; path = "Roboto-BlackItalic.ttf"; sourceTree = "<group>"; };
		D127FAF71DD9ED3A00DF0647 /* Roboto-Bold.ttf */ = {isa = PBXFileReference; lastKnownFileType = file; path = "Roboto-Bold.ttf"; sourceTree = "<group>"; };
		D127FAF81DD9ED3A00DF0647 /* Roboto-BoldCondensed.ttf */ = {isa = PBXFileReference; lastKnownFileType = file; path = "Roboto-BoldCondensed.ttf"; sourceTree = "<group>"; };
		D127FAF91DD9ED3A00DF0647 /* Roboto-BoldCondensedItalic.ttf */ = {isa = PBXFileReference; lastKnownFileType = file; path = "Roboto-BoldCondensedItalic.ttf"; sourceTree = "<group>"; };
		D127FAFA1DD9ED3A00DF0647 /* Roboto-BoldItalic.ttf */ = {isa = PBXFileReference; lastKnownFileType = file; path = "Roboto-BoldItalic.ttf"; sourceTree = "<group>"; };
		D127FAFB1DD9ED3A00DF0647 /* Roboto-Condensed.ttf */ = {isa = PBXFileReference; lastKnownFileType = file; path = "Roboto-Condensed.ttf"; sourceTree = "<group>"; };
		D127FAFC1DD9ED3A00DF0647 /* Roboto-CondensedItalic.ttf */ = {isa = PBXFileReference; lastKnownFileType = file; path = "Roboto-CondensedItalic.ttf"; sourceTree = "<group>"; };
		D127FAFD1DD9ED3A00DF0647 /* Roboto-Italic.ttf */ = {isa = PBXFileReference; lastKnownFileType = file; path = "Roboto-Italic.ttf"; sourceTree = "<group>"; };
		D127FAFE1DD9ED3A00DF0647 /* Roboto-Light.ttf */ = {isa = PBXFileReference; lastKnownFileType = file; path = "Roboto-Light.ttf"; sourceTree = "<group>"; };
		D127FAFF1DD9ED3A00DF0647 /* Roboto-LightItalic.ttf */ = {isa = PBXFileReference; lastKnownFileType = file; path = "Roboto-LightItalic.ttf"; sourceTree = "<group>"; };
		D127FB001DD9ED3A00DF0647 /* Roboto-Medium.ttf */ = {isa = PBXFileReference; lastKnownFileType = file; path = "Roboto-Medium.ttf"; sourceTree = "<group>"; };
		D127FB011DD9ED3A00DF0647 /* Roboto-MediumItalic.ttf */ = {isa = PBXFileReference; lastKnownFileType = file; path = "Roboto-MediumItalic.ttf"; sourceTree = "<group>"; };
		D127FB021DD9ED3A00DF0647 /* Roboto-Regular.ttf */ = {isa = PBXFileReference; lastKnownFileType = file; path = "Roboto-Regular.ttf"; sourceTree = "<group>"; };
		D127FB031DD9ED3A00DF0647 /* Roboto-Thin.ttf */ = {isa = PBXFileReference; lastKnownFileType = file; path = "Roboto-Thin.ttf"; sourceTree = "<group>"; };
		D127FB041DD9ED3A00DF0647 /* Roboto-ThinItalic.ttf */ = {isa = PBXFileReference; lastKnownFileType = file; path = "Roboto-ThinItalic.ttf"; sourceTree = "<group>"; };
		D16048C81DD3847B00A1B328 /* MainView.h */ = {isa = PBXFileReference; fileEncoding = 4; lastKnownFileType = sourcecode.c.h; path = MainView.h; sourceTree = "<group>"; };
		D16048C91DD3847B00A1B328 /* MainView.m */ = {isa = PBXFileReference; fileEncoding = 4; lastKnownFileType = sourcecode.c.objc; path = MainView.m; sourceTree = "<group>"; };
		D16E457B1DD1DDF4003E921E /* StyleDefinitions.h */ = {isa = PBXFileReference; fileEncoding = 4; lastKnownFileType = sourcecode.c.h; path = StyleDefinitions.h; sourceTree = "<group>"; };
		D16E457C1DD1DDF4003E921E /* StyleDefinitions.m */ = {isa = PBXFileReference; fileEncoding = 4; lastKnownFileType = sourcecode.c.objc; path = StyleDefinitions.m; sourceTree = "<group>"; };
		D18814EF1DD5E4FF006CB064 /* Cocoa.framework */ = {isa = PBXFileReference; lastKnownFileType = wrapper.framework; name = Cocoa.framework; path = System/Library/Frameworks/Cocoa.framework; sourceTree = SDKROOT; };
		D18814F11DD5E50E006CB064 /* Quartz.framework */ = {isa = PBXFileReference; lastKnownFileType = wrapper.framework; name = Quartz.framework; path = System/Library/Frameworks/Quartz.framework; sourceTree = SDKROOT; };
		D18814F31DD5E55D006CB064 /* apple.png */ = {isa = PBXFileReference; lastKnownFileType = image.png; path = apple.png; sourceTree = "<group>"; };
		D1962EEB1DD4A8E400411E5F /* TesterViewController.h */ = {isa = PBXFileReference; fileEncoding = 4; lastKnownFileType = sourcecode.c.h; path = TesterViewController.h; sourceTree = "<group>"; };
		D1962EEC1DD4A8E400411E5F /* TesterViewController.m */ = {isa = PBXFileReference; fileEncoding = 4; lastKnownFileType = sourcecode.c.objc; path = TesterViewController.m; sourceTree = "<group>"; };
		D1962EEE1DD4A8FA00411E5F /* ChameleonAppDelegate.h */ = {isa = PBXFileReference; fileEncoding = 4; lastKnownFileType = sourcecode.c.h; path = ChameleonAppDelegate.h; sourceTree = "<group>"; };
		D1962EEF1DD4A8FA00411E5F /* ChameleonAppDelegate.m */ = {isa = PBXFileReference; fileEncoding = 4; lastKnownFileType = sourcecode.c.objc; path = ChameleonAppDelegate.m; sourceTree = "<group>"; };
		EA0228C71DC15EF3009EC56E /* Cappuccino.app */ = {isa = PBXFileReference; explicitFileType = wrapper.application; includeInIndex = 0; path = Cappuccino.app; sourceTree = BUILT_PRODUCTS_DIR; };
		EA0228CA1DC15EF3009EC56E /* AppDelegate.h */ = {isa = PBXFileReference; lastKnownFileType = sourcecode.c.h; path = AppDelegate.h; sourceTree = "<group>"; };
		EA0228CB1DC15EF4009EC56E /* AppDelegate.m */ = {isa = PBXFileReference; lastKnownFileType = sourcecode.c.objc; path = AppDelegate.m; sourceTree = "<group>"; };
		EA0228CE1DC15EF4009EC56E /* main.m */ = {isa = PBXFileReference; lastKnownFileType = sourcecode.c.objc; path = main.m; sourceTree = "<group>"; };
		EA0228D01DC15EF4009EC56E /* Assets.xcassets */ = {isa = PBXFileReference; lastKnownFileType = folder.assetcatalog; path = Assets.xcassets; sourceTree = "<group>"; };
		EA0228D31DC15EF4009EC56E /* Base */ = {isa = PBXFileReference; lastKnownFileType = file.xib; name = Base; path = Base.lproj/MainMenu.xib; sourceTree = "<group>"; };
		EA0228D51DC15EF4009EC56E /* Info.plist */ = {isa = PBXFileReference; lastKnownFileType = text.plist.xml; path = Info.plist; sourceTree = "<group>"; };
		EA0228DE1DC15EF4009EC56E /* ConfCreatorTests.m */ = {isa = PBXFileReference; lastKnownFileType = sourcecode.c.objc; path = ConfCreatorTests.m; sourceTree = "<group>"; };
		EA0228E01DC15EF4009EC56E /* Info.plist */ = {isa = PBXFileReference; lastKnownFileType = text.plist.xml; path = Info.plist; sourceTree = "<group>"; };
		EA0228E91DC15EF4009EC56E /* ConfCreatorUITests.m */ = {isa = PBXFileReference; lastKnownFileType = sourcecode.c.objc; path = ConfCreatorUITests.m; sourceTree = "<group>"; };
		EA0228EB1DC15EF4009EC56E /* Info.plist */ = {isa = PBXFileReference; lastKnownFileType = text.plist.xml; path = Info.plist; sourceTree = "<group>"; };
		EA0229061DC1749E009EC56E /* NoodleLineNumberView.h */ = {isa = PBXFileReference; fileEncoding = 4; lastKnownFileType = sourcecode.c.h; path = NoodleLineNumberView.h; sourceTree = "<group>"; };
		EA0229071DC1749E009EC56E /* NoodleLineNumberView.m */ = {isa = PBXFileReference; fileEncoding = 4; lastKnownFileType = sourcecode.c.objc; path = NoodleLineNumberView.m; sourceTree = "<group>"; };
		EA0DA9E21DDA870C00803AE9 /* j_placeholder_list.png */ = {isa = PBXFileReference; lastKnownFileType = image.png; path = j_placeholder_list.png; sourceTree = "<group>"; };
		EA192B6D1DD1432800B54034 /* StylerView.h */ = {isa = PBXFileReference; fileEncoding = 4; lastKnownFileType = sourcecode.c.h; path = StylerView.h; sourceTree = "<group>"; };
		EA192B6E1DD1432800B54034 /* StylerView.m */ = {isa = PBXFileReference; fileEncoding = 4; lastKnownFileType = sourcecode.c.objc; path = StylerView.m; sourceTree = "<group>"; };
		EA192B711DD143D900B54034 /* MIAUIStyle.xib */ = {isa = PBXFileReference; fileEncoding = 4; lastKnownFileType = file.xib; path = MIAUIStyle.xib; sourceTree = "<group>"; };
		EA1D84C31DDA7D0F0071DB4B /* CustomWindow.h */ = {isa = PBXFileReference; fileEncoding = 4; lastKnownFileType = sourcecode.c.h; path = CustomWindow.h; sourceTree = "<group>"; };
		EA1D84C41DDA7D0F0071DB4B /* CustomWindow.m */ = {isa = PBXFileReference; fileEncoding = 4; lastKnownFileType = sourcecode.c.objc; path = CustomWindow.m; sourceTree = "<group>"; };
		EA1D84C91DDA83CE0071DB4B /* placeholder_list.png */ = {isa = PBXFileReference; lastKnownFileType = image.png; path = placeholder_list.png; sourceTree = "<group>"; };
		EA2C0E321DC521410082EE70 /* MIAUIComponent.xib */ = {isa = PBXFileReference; fileEncoding = 4; lastKnownFileType = file.xib; path = MIAUIComponent.xib; sourceTree = "<group>"; };
		EA30CAE31DD77CEC001F397C /* FileManager.h */ = {isa = PBXFileReference; fileEncoding = 4; lastKnownFileType = sourcecode.c.h; path = FileManager.h; sourceTree = "<group>"; };
		EA30CAE41DD77CEC001F397C /* FileManager.m */ = {isa = PBXFileReference; fileEncoding = 4; lastKnownFileType = sourcecode.c.objc; path = FileManager.m; sourceTree = "<group>"; };
		EA30CAEC1DD780FC001F397C /* LoadJsonWindow.h */ = {isa = PBXFileReference; fileEncoding = 4; lastKnownFileType = sourcecode.c.h; path = LoadJsonWindow.h; sourceTree = "<group>"; };
		EA30CAED1DD780FC001F397C /* LoadJsonWindow.m */ = {isa = PBXFileReference; fileEncoding = 4; lastKnownFileType = sourcecode.c.objc; path = LoadJsonWindow.m; sourceTree = "<group>"; };
		EA30CAEE1DD780FC001F397C /* LoadJsonWindow.xib */ = {isa = PBXFileReference; fileEncoding = 4; lastKnownFileType = file.xib; path = LoadJsonWindow.xib; sourceTree = "<group>"; };
		EA3CFCE11DDBCD8F00EBB8A1 /* Jennifer Lynne.ttf */ = {isa = PBXFileReference; lastKnownFileType = file; path = "Jennifer Lynne.ttf"; sourceTree = "<group>"; };
		EA4B29891DC8CE4600A08E02 /* fontawesome-webfont.ttf */ = {isa = PBXFileReference; lastKnownFileType = file; path = "fontawesome-webfont.ttf"; sourceTree = "<group>"; };
		EA4B298B1DC8CED900A08E02 /* Surabanglus.ttf */ = {isa = PBXFileReference; lastKnownFileType = file; path = Surabanglus.ttf; sourceTree = "<group>"; };
		EA4B29901DC8D75600A08E02 /* SignalDataSource.h */ = {isa = PBXFileReference; fileEncoding = 4; lastKnownFileType = sourcecode.c.h; path = SignalDataSource.h; sourceTree = "<group>"; };
		EA4B29911DC8D75600A08E02 /* SignalDataSource.m */ = {isa = PBXFileReference; fileEncoding = 4; lastKnownFileType = sourcecode.c.objc; path = SignalDataSource.m; sourceTree = "<group>"; };
		EA4B29931DC8D91000A08E02 /* ReceptorDataSource.h */ = {isa = PBXFileReference; fileEncoding = 4; lastKnownFileType = sourcecode.c.h; path = ReceptorDataSource.h; sourceTree = "<group>"; };
		EA4B29941DC8D91000A08E02 /* ReceptorDataSource.m */ = {isa = PBXFileReference; fileEncoding = 4; lastKnownFileType = sourcecode.c.objc; path = ReceptorDataSource.m; sourceTree = "<group>"; };
		EA5DFDD71DC601920016F562 /* MIAObject.h */ = {isa = PBXFileReference; fileEncoding = 4; lastKnownFileType = sourcecode.c.h; path = MIAObject.h; sourceTree = "<group>"; };
		EA5DFDD81DC601920016F562 /* MIAObject.m */ = {isa = PBXFileReference; fileEncoding = 4; lastKnownFileType = sourcecode.c.objc; path = MIAObject.m; sourceTree = "<group>"; };
		EA5DFDDB1DC613EA0016F562 /* ComponentsView.h */ = {isa = PBXFileReference; fileEncoding = 4; lastKnownFileType = sourcecode.c.h; path = ComponentsView.h; sourceTree = "<group>"; };
		EA5DFDDC1DC613EA0016F562 /* ComponentsView.m */ = {isa = PBXFileReference; fileEncoding = 4; lastKnownFileType = sourcecode.c.objc; path = ComponentsView.m; sourceTree = "<group>"; };
		EA5DFDDD1DC613EA0016F562 /* JunctionsView.h */ = {isa = PBXFileReference; fileEncoding = 4; lastKnownFileType = sourcecode.c.h; path = JunctionsView.h; sourceTree = "<group>"; };
		EA5DFDDE1DC613EA0016F562 /* JunctionsView.m */ = {isa = PBXFileReference; fileEncoding = 4; lastKnownFileType = sourcecode.c.objc; path = JunctionsView.m; sourceTree = "<group>"; };
		EA5DFDDF1DC613EA0016F562 /* StackView.h */ = {isa = PBXFileReference; fileEncoding = 4; lastKnownFileType = sourcecode.c.h; path = StackView.h; sourceTree = "<group>"; };
		EA5DFDE01DC613EA0016F562 /* StackView.m */ = {isa = PBXFileReference; fileEncoding = 4; lastKnownFileType = sourcecode.c.objc; path = StackView.m; sourceTree = "<group>"; };
		EA5DFDE51DC6141B0016F562 /* ConfirmComponentWindow.h */ = {isa = PBXFileReference; fileEncoding = 4; lastKnownFileType = sourcecode.c.h; path = ConfirmComponentWindow.h; sourceTree = "<group>"; };
		EA5DFDE61DC6141B0016F562 /* ConfirmComponentWindow.m */ = {isa = PBXFileReference; fileEncoding = 4; lastKnownFileType = sourcecode.c.objc; path = ConfirmComponentWindow.m; sourceTree = "<group>"; };
		EA5DFDE71DC6141B0016F562 /* ConfirmComponentWindow.xib */ = {isa = PBXFileReference; fileEncoding = 4; lastKnownFileType = file.xib; path = ConfirmComponentWindow.xib; sourceTree = "<group>"; };
		EA5DFDEA1DC614400016F562 /* ConfirmJunctionWindow.h */ = {isa = PBXFileReference; fileEncoding = 4; lastKnownFileType = sourcecode.c.h; path = ConfirmJunctionWindow.h; sourceTree = "<group>"; };
		EA5DFDEB1DC614400016F562 /* ConfirmJunctionWindow.m */ = {isa = PBXFileReference; fileEncoding = 4; lastKnownFileType = sourcecode.c.objc; path = ConfirmJunctionWindow.m; sourceTree = "<group>"; };
		EA5DFDEC1DC614400016F562 /* ConfirmJunctionWindow.xib */ = {isa = PBXFileReference; fileEncoding = 4; lastKnownFileType = file.xib; path = ConfirmJunctionWindow.xib; sourceTree = "<group>"; };
		EA5DFDEF1DC6275A0016F562 /* MIAUIJunction.xib */ = {isa = PBXFileReference; fileEncoding = 4; lastKnownFileType = file.xib; path = MIAUIJunction.xib; sourceTree = "<group>"; };
		EA5DFDF11DC662810016F562 /* MIAObjectsDecoder.h */ = {isa = PBXFileReference; fileEncoding = 4; lastKnownFileType = sourcecode.c.h; path = MIAObjectsDecoder.h; sourceTree = "<group>"; };
		EA5DFDF21DC662810016F562 /* MIAObjectsDecoder.m */ = {isa = PBXFileReference; fileEncoding = 4; lastKnownFileType = sourcecode.c.objc; path = MIAObjectsDecoder.m; sourceTree = "<group>"; };
		EA5DFDF41DC6689C0016F562 /* MIAConfigurationPrinter.h */ = {isa = PBXFileReference; fileEncoding = 4; lastKnownFileType = sourcecode.c.h; path = MIAConfigurationPrinter.h; sourceTree = "<group>"; };
		EA5DFDF51DC6689C0016F562 /* MIAConfigurationPrinter.m */ = {isa = PBXFileReference; fileEncoding = 4; lastKnownFileType = sourcecode.c.objc; path = MIAConfigurationPrinter.m; sourceTree = "<group>"; };
		EA7492E01DD3DD04009A2EF9 /* CustomView.h */ = {isa = PBXFileReference; fileEncoding = 4; lastKnownFileType = sourcecode.c.h; path = CustomView.h; sourceTree = "<group>"; };
		EA7492E11DD3DD04009A2EF9 /* CustomView.m */ = {isa = PBXFileReference; fileEncoding = 4; lastKnownFileType = sourcecode.c.objc; path = CustomView.m; sourceTree = "<group>"; };
		EA7E78B41DD2608600C3D9D2 /* MenuView.h */ = {isa = PBXFileReference; fileEncoding = 4; lastKnownFileType = sourcecode.c.h; path = MenuView.h; sourceTree = "<group>"; };
		EA7E78B51DD2608600C3D9D2 /* MenuView.m */ = {isa = PBXFileReference; fileEncoding = 4; lastKnownFileType = sourcecode.c.objc; path = MenuView.m; sourceTree = "<group>"; };
		EA7E78B71DD28EA200C3D9D2 /* StyleElementsTableSource.h */ = {isa = PBXFileReference; fileEncoding = 4; lastKnownFileType = sourcecode.c.h; path = StyleElementsTableSource.h; sourceTree = "<group>"; };
		EA7E78B81DD28EA200C3D9D2 /* StyleElementsTableSource.m */ = {isa = PBXFileReference; fileEncoding = 4; lastKnownFileType = sourcecode.c.objc; path = StyleElementsTableSource.m; sourceTree = "<group>"; };
		EA7E78BA1DD29B7000C3D9D2 /* ArgsView.h */ = {isa = PBXFileReference; fileEncoding = 4; lastKnownFileType = sourcecode.c.h; path = ArgsView.h; sourceTree = "<group>"; };
		EA7E78BB1DD29B7000C3D9D2 /* ArgsView.m */ = {isa = PBXFileReference; fileEncoding = 4; lastKnownFileType = sourcecode.c.objc; path = ArgsView.m; sourceTree = "<group>"; };
		EA8479201DD68876003F0D05 /* XUIKit.framework */ = {isa = PBXFileReference; lastKnownFileType = wrapper.framework; path = XUIKit.framework; sourceTree = "<group>"; };
		EA8479231DD68931003F0D05 /* ArgsDataSource.h */ = {isa = PBXFileReference; fileEncoding = 4; lastKnownFileType = sourcecode.c.h; path = ArgsDataSource.h; sourceTree = "<group>"; };
		EA8479241DD68931003F0D05 /* ArgsDataSource.m */ = {isa = PBXFileReference; fileEncoding = 4; lastKnownFileType = sourcecode.c.objc; path = ArgsDataSource.m; sourceTree = "<group>"; };
		EACBB4341DC3F3F400C10644 /* Utils.h */ = {isa = PBXFileReference; fileEncoding = 4; lastKnownFileType = sourcecode.c.h; path = Utils.h; sourceTree = "<group>"; };
		EACBB4351DC3F3F400C10644 /* Utils.m */ = {isa = PBXFileReference; fileEncoding = 4; lastKnownFileType = sourcecode.c.objc; path = Utils.m; sourceTree = "<group>"; };
		EACBB4441DC3FE7800C10644 /* MIAComponent.h */ = {isa = PBXFileReference; fileEncoding = 4; lastKnownFileType = sourcecode.c.h; path = MIAComponent.h; sourceTree = "<group>"; };
		EACBB4451DC3FE7800C10644 /* MIAComponent.m */ = {isa = PBXFileReference; fileEncoding = 4; lastKnownFileType = sourcecode.c.objc; path = MIAComponent.m; sourceTree = "<group>"; };
		EACBB4461DC3FE7800C10644 /* MIAJunction.h */ = {isa = PBXFileReference; fileEncoding = 4; lastKnownFileType = sourcecode.c.h; path = MIAJunction.h; sourceTree = "<group>"; };
		EACBB4471DC3FE7800C10644 /* MIAJunction.m */ = {isa = PBXFileReference; fileEncoding = 4; lastKnownFileType = sourcecode.c.objc; path = MIAJunction.m; sourceTree = "<group>"; };
		EACBB4481DC3FE7800C10644 /* MIAStyle.h */ = {isa = PBXFileReference; fileEncoding = 4; lastKnownFileType = sourcecode.c.h; path = MIAStyle.h; sourceTree = "<group>"; };
		EACBB4491DC3FE7800C10644 /* MIAStyle.m */ = {isa = PBXFileReference; fileEncoding = 4; lastKnownFileType = sourcecode.c.objc; path = MIAStyle.m; sourceTree = "<group>"; };
		EACBB44D1DC3FE8E00C10644 /* MIAConfiguration.h */ = {isa = PBXFileReference; fileEncoding = 4; lastKnownFileType = sourcecode.c.h; path = MIAConfiguration.h; sourceTree = "<group>"; };
		EACBB44E1DC3FE8E00C10644 /* MIAConfiguration.m */ = {isa = PBXFileReference; fileEncoding = 4; lastKnownFileType = sourcecode.c.objc; path = MIAConfiguration.m; sourceTree = "<group>"; };
		EACBB45D1DC404BA00C10644 /* MIAUIComponent.h */ = {isa = PBXFileReference; fileEncoding = 4; lastKnownFileType = sourcecode.c.h; path = MIAUIComponent.h; sourceTree = "<group>"; };
		EACBB45E1DC404BA00C10644 /* MIAUIComponent.m */ = {isa = PBXFileReference; fileEncoding = 4; lastKnownFileType = sourcecode.c.objc; path = MIAUIComponent.m; sourceTree = "<group>"; };
		EACBB45F1DC404BA00C10644 /* MIAUIJunction.h */ = {isa = PBXFileReference; fileEncoding = 4; lastKnownFileType = sourcecode.c.h; path = MIAUIJunction.h; sourceTree = "<group>"; };
		EACBB4601DC404BA00C10644 /* MIAUIJunction.m */ = {isa = PBXFileReference; fileEncoding = 4; lastKnownFileType = sourcecode.c.objc; path = MIAUIJunction.m; sourceTree = "<group>"; };
		EACBB4611DC404BA00C10644 /* MIAUIStyle.h */ = {isa = PBXFileReference; fileEncoding = 4; lastKnownFileType = sourcecode.c.h; path = MIAUIStyle.h; sourceTree = "<group>"; };
		EACBB4621DC404BA00C10644 /* MIAUIStyle.m */ = {isa = PBXFileReference; fileEncoding = 4; lastKnownFileType = sourcecode.c.objc; path = MIAUIStyle.m; sourceTree = "<group>"; };
		EACBB4661DC4055500C10644 /* MIAUIObject.h */ = {isa = PBXFileReference; fileEncoding = 4; lastKnownFileType = sourcecode.c.h; path = MIAUIObject.h; sourceTree = "<group>"; };
		EACBB4671DC4055500C10644 /* MIAUIObject.m */ = {isa = PBXFileReference; fileEncoding = 4; lastKnownFileType = sourcecode.c.objc; path = MIAUIObject.m; sourceTree = "<group>"; };
		EAD405F21DCD47CE00AEA504 /* NoodleLineNumberMarker.h */ = {isa = PBXFileReference; fileEncoding = 4; lastKnownFileType = sourcecode.c.h; path = NoodleLineNumberMarker.h; sourceTree = "<group>"; };
		EAD405F31DCD47CE00AEA504 /* NoodleLineNumberMarker.m */ = {isa = PBXFileReference; fileEncoding = 4; lastKnownFileType = sourcecode.c.objc; path = NoodleLineNumberMarker.m; sourceTree = "<group>"; };
		EAD405F51DCD492A00AEA504 /* CompsReader.h */ = {isa = PBXFileReference; fileEncoding = 4; lastKnownFileType = sourcecode.c.h; path = CompsReader.h; sourceTree = "<group>"; };
		EAD405F61DCD492A00AEA504 /* CompsReader.m */ = {isa = PBXFileReference; fileEncoding = 4; lastKnownFileType = sourcecode.c.objc; path = CompsReader.m; sourceTree = "<group>"; };
		EAD405F91DCD499300AEA504 /* ArrowButton.h */ = {isa = PBXFileReference; fileEncoding = 4; lastKnownFileType = sourcecode.c.h; path = ArrowButton.h; sourceTree = "<group>"; };
		EAD405FA1DCD499300AEA504 /* ArrowButton.m */ = {isa = PBXFileReference; fileEncoding = 4; lastKnownFileType = sourcecode.c.objc; path = ArrowButton.m; sourceTree = "<group>"; };
		EAD405FB1DCD499300AEA504 /* CancelButton.h */ = {isa = PBXFileReference; fileEncoding = 4; lastKnownFileType = sourcecode.c.h; path = CancelButton.h; sourceTree = "<group>"; };
		EAD405FC1DCD499300AEA504 /* CancelButton.m */ = {isa = PBXFileReference; fileEncoding = 4; lastKnownFileType = sourcecode.c.objc; path = CancelButton.m; sourceTree = "<group>"; };
		EAD405FD1DCD499300AEA504 /* CustomButton.h */ = {isa = PBXFileReference; fileEncoding = 4; lastKnownFileType = sourcecode.c.h; path = CustomButton.h; sourceTree = "<group>"; };
		EAD405FE1DCD499300AEA504 /* CustomButton.m */ = {isa = PBXFileReference; fileEncoding = 4; lastKnownFileType = sourcecode.c.objc; path = CustomButton.m; sourceTree = "<group>"; };
		EAD406021DCD4AA000AEA504 /* JunctionsLinker.h */ = {isa = PBXFileReference; fileEncoding = 4; lastKnownFileType = sourcecode.c.h; path = JunctionsLinker.h; sourceTree = "<group>"; };
		EAD406031DCD4AA000AEA504 /* JunctionsLinker.m */ = {isa = PBXFileReference; fileEncoding = 4; lastKnownFileType = sourcecode.c.objc; path = JunctionsLinker.m; sourceTree = "<group>"; };
/* End PBXFileReference section */

/* Begin PBXFrameworksBuildPhase section */
		EA0228C41DC15EF3009EC56E /* Frameworks */ = {
			isa = PBXFrameworksBuildPhase;
			buildActionMask = 2147483647;
			files = (
				D18814F21DD5E50E006CB064 /* Quartz.framework in Frameworks */,
				D11905151DD632970088D957 /* UIKit.framework in Frameworks */,
				EA8479211DD68876003F0D05 /* XUIKit.framework in Frameworks */,
				D18814F01DD5E4FF006CB064 /* Cocoa.framework in Frameworks */,
			);
			runOnlyForDeploymentPostprocessing = 0;
		};
/* End PBXFrameworksBuildPhase section */

/* Begin PBXGroup section */
		D124E06B1DD0DE7600F4BFB2 /* Frameworks */ = {
			isa = PBXGroup;
			children = (
				EA8479201DD68876003F0D05 /* XUIKit.framework */,
				D11905141DD632970088D957 /* UIKit.framework */,
				D18814F11DD5E50E006CB064 /* Quartz.framework */,
				D18814EF1DD5E4FF006CB064 /* Cocoa.framework */,
			);
			name = Frameworks;
			sourceTree = "<group>";
		};
		D16048C71DD3847B00A1B328 /* MainView */ = {
			isa = PBXGroup;
			children = (
				D16048C81DD3847B00A1B328 /* MainView.h */,
				D16048C91DD3847B00A1B328 /* MainView.m */,
			);
			path = MainView;
			sourceTree = "<group>";
		};
		D16E45791DD1DDCC003E921E /* StyleDef */ = {
			isa = PBXGroup;
			children = (
				D16E457B1DD1DDF4003E921E /* StyleDefinitions.h */,
				D16E457C1DD1DDF4003E921E /* StyleDefinitions.m */,
			);
			path = StyleDef;
			sourceTree = "<group>";
		};
		D1962EEA1DD4A8C600411E5F /* Chameleon */ = {
			isa = PBXGroup;
			children = (
				D18814F31DD5E55D006CB064 /* apple.png */,
				D1962EEB1DD4A8E400411E5F /* TesterViewController.h */,
				D1962EEC1DD4A8E400411E5F /* TesterViewController.m */,
				D1962EEE1DD4A8FA00411E5F /* ChameleonAppDelegate.h */,
				D1962EEF1DD4A8FA00411E5F /* ChameleonAppDelegate.m */,
			);
			path = Chameleon;
			sourceTree = "<group>";
		};
		EA0228BE1DC15EF3009EC56E = {
			isa = PBXGroup;
			children = (
				EA0228C91DC15EF3009EC56E /* ConfCreator */,
				EA0228DD1DC15EF4009EC56E /* ConfCreatorTests */,
				EA0228E81DC15EF4009EC56E /* ConfCreatorUITests */,
				EA0228C81DC15EF3009EC56E /* Products */,
				D124E06B1DD0DE7600F4BFB2 /* Frameworks */,
			);
			sourceTree = "<group>";
		};
		EA0228C81DC15EF3009EC56E /* Products */ = {
			isa = PBXGroup;
			children = (
				EA0228C71DC15EF3009EC56E /* Cappuccino.app */,
			);
			name = Products;
			sourceTree = "<group>";
		};
		EA0228C91DC15EF3009EC56E /* ConfCreator */ = {
			isa = PBXGroup;
			children = (
				EA1D84C31DDA7D0F0071DB4B /* CustomWindow.h */,
				EA1D84C41DDA7D0F0071DB4B /* CustomWindow.m */,
				EA7492DF1DD3DD04009A2EF9 /* UIViews */,
				EA0228FD1DC1749E009EC56E /* Noodles */,
				D16048C71DD3847B00A1B328 /* MainView */,
				EA7E78B31DD2608600C3D9D2 /* Menu */,
				EACBB45C1DC404BA00C10644 /* UIObjects */,
				EA5DFDDA1DC613EA0016F562 /* ListUIObjects */,
				EA5DFDE41DC6141B0016F562 /* Confirms */,
				EACBB4431DC3FE7800C10644 /* ConfObjects */,
				EAD405F81DCD499300AEA504 /* UIButtons */,
				D1962EEA1DD4A8C600411E5F /* Chameleon */,
				EA30CAE21DD77CD3001F397C /* FileManager */,
				EA30CAEB1DD780FC001F397C /* LoadJsonWindow */,
				EA0228CA1DC15EF3009EC56E /* AppDelegate.h */,
				EA0228CB1DC15EF4009EC56E /* AppDelegate.m */,
				EACBB4341DC3F3F400C10644 /* Utils.h */,
				EACBB4351DC3F3F400C10644 /* Utils.m */,
				EACBB44D1DC3FE8E00C10644 /* MIAConfiguration.h */,
				EACBB44E1DC3FE8E00C10644 /* MIAConfiguration.m */,
				EA5DFDF41DC6689C0016F562 /* MIAConfigurationPrinter.h */,
				EA5DFDF51DC6689C0016F562 /* MIAConfigurationPrinter.m */,
				EAD405F51DCD492A00AEA504 /* CompsReader.h */,
				EAD405F61DCD492A00AEA504 /* CompsReader.m */,
				EA5DFDF11DC662810016F562 /* MIAObjectsDecoder.h */,
				EA5DFDF21DC662810016F562 /* MIAObjectsDecoder.m */,
				EA0228D01DC15EF4009EC56E /* Assets.xcassets */,
				EA0228D21DC15EF4009EC56E /* MainMenu.xib */,
				EA0228D51DC15EF4009EC56E /* Info.plist */,
				EA0228CD1DC15EF4009EC56E /* Supporting Files */,
				EA4B29861DC8CA2800A08E02 /* Resources */,
			);
			path = ConfCreator;
			sourceTree = "<group>";
		};
		EA0228CD1DC15EF4009EC56E /* Supporting Files */ = {
			isa = PBXGroup;
			children = (
				EA0228CE1DC15EF4009EC56E /* main.m */,
			);
			name = "Supporting Files";
			sourceTree = "<group>";
		};
		EA0228DD1DC15EF4009EC56E /* ConfCreatorTests */ = {
			isa = PBXGroup;
			children = (
				EA0228DE1DC15EF4009EC56E /* ConfCreatorTests.m */,
				EA0228E01DC15EF4009EC56E /* Info.plist */,
			);
			path = ConfCreatorTests;
			sourceTree = "<group>";
		};
		EA0228E81DC15EF4009EC56E /* ConfCreatorUITests */ = {
			isa = PBXGroup;
			children = (
				EA0228E91DC15EF4009EC56E /* ConfCreatorUITests.m */,
				EA0228EB1DC15EF4009EC56E /* Info.plist */,
			);
			path = ConfCreatorUITests;
			sourceTree = "<group>";
		};
		EA0228FD1DC1749E009EC56E /* Noodles */ = {
			isa = PBXGroup;
			children = (
				EAD405F21DCD47CE00AEA504 /* NoodleLineNumberMarker.h */,
				EAD405F31DCD47CE00AEA504 /* NoodleLineNumberMarker.m */,
				EA0229061DC1749E009EC56E /* NoodleLineNumberView.h */,
				EA0229071DC1749E009EC56E /* NoodleLineNumberView.m */,
			);
			path = Noodles;
			sourceTree = "<group>";
		};
		EA1D84C61DDA81590071DB4B /* images */ = {
			isa = PBXGroup;
			children = (
				EA0DA9E21DDA870C00803AE9 /* j_placeholder_list.png */,
				EA1D84C91DDA83CE0071DB4B /* placeholder_list.png */,
			);
			path = images;
			sourceTree = "<group>";
		};
		EA30CAE21DD77CD3001F397C /* FileManager */ = {
			isa = PBXGroup;
			children = (
				EA30CAE31DD77CEC001F397C /* FileManager.h */,
				EA30CAE41DD77CEC001F397C /* FileManager.m */,
			);
			path = FileManager;
			sourceTree = "<group>";
		};
		EA30CAEB1DD780FC001F397C /* LoadJsonWindow */ = {
			isa = PBXGroup;
			children = (
				EA30CAEC1DD780FC001F397C /* LoadJsonWindow.h */,
				EA30CAED1DD780FC001F397C /* LoadJsonWindow.m */,
				EA30CAEE1DD780FC001F397C /* LoadJsonWindow.xib */,
			);
			path = LoadJsonWindow;
			sourceTree = "<group>";
		};
		EA4B29861DC8CA2800A08E02 /* Resources */ = {
			isa = PBXGroup;
			children = (
				EA1D84C61DDA81590071DB4B /* images */,
				D127FAF51DD9ED3A00DF0647 /* Roboto-Black.ttf */,
				D127FAF61DD9ED3A00DF0647 /* Roboto-BlackItalic.ttf */,
				D127FAF71DD9ED3A00DF0647 /* Roboto-Bold.ttf */,
				D127FAF81DD9ED3A00DF0647 /* Roboto-BoldCondensed.ttf */,
				D127FAF91DD9ED3A00DF0647 /* Roboto-BoldCondensedItalic.ttf */,
				D127FAFA1DD9ED3A00DF0647 /* Roboto-BoldItalic.ttf */,
				D127FAFB1DD9ED3A00DF0647 /* Roboto-Condensed.ttf */,
				D127FAFC1DD9ED3A00DF0647 /* Roboto-CondensedItalic.ttf */,
				D127FAFD1DD9ED3A00DF0647 /* Roboto-Italic.ttf */,
				D127FAFE1DD9ED3A00DF0647 /* Roboto-Light.ttf */,
				D127FAFF1DD9ED3A00DF0647 /* Roboto-LightItalic.ttf */,
				D127FB001DD9ED3A00DF0647 /* Roboto-Medium.ttf */,
				D127FB011DD9ED3A00DF0647 /* Roboto-MediumItalic.ttf */,
				D127FB021DD9ED3A00DF0647 /* Roboto-Regular.ttf */,
				D127FB031DD9ED3A00DF0647 /* Roboto-Thin.ttf */,
				D127FB041DD9ED3A00DF0647 /* Roboto-ThinItalic.ttf */,
				D127FAF31DD9EABE00DF0647 /* Linearicons-Free.ttf */,
				D11B441D1DD2476F00343C58 /* Code-Bold.otf */,
				EA4B298B1DC8CED900A08E02 /* Surabanglus.ttf */,
				EA3CFCE11DDBCD8F00EBB8A1 /* Jennifer Lynne.ttf */,
				EA4B29891DC8CE4600A08E02 /* fontawesome-webfont.ttf */,
			);
			path = Resources;
			sourceTree = "<group>";
		};
		EA5DFDDA1DC613EA0016F562 /* ListUIObjects */ = {
			isa = PBXGroup;
			children = (
				EA5DFDDB1DC613EA0016F562 /* ComponentsView.h */,
				EA5DFDDC1DC613EA0016F562 /* ComponentsView.m */,
				EA5DFDDD1DC613EA0016F562 /* JunctionsView.h */,
				EA5DFDDE1DC613EA0016F562 /* JunctionsView.m */,
				EAD406021DCD4AA000AEA504 /* JunctionsLinker.h */,
				EAD406031DCD4AA000AEA504 /* JunctionsLinker.m */,
				EA192B6D1DD1432800B54034 /* StylerView.h */,
				EA192B6E1DD1432800B54034 /* StylerView.m */,
				EA5DFDDF1DC613EA0016F562 /* StackView.h */,
				EA5DFDE01DC613EA0016F562 /* StackView.m */,
			);
			path = ListUIObjects;
			sourceTree = "<group>";
		};
		EA5DFDE41DC6141B0016F562 /* Confirms */ = {
			isa = PBXGroup;
			children = (
				EA5DFDE51DC6141B0016F562 /* ConfirmComponentWindow.h */,
				EA5DFDE61DC6141B0016F562 /* ConfirmComponentWindow.m */,
				EA5DFDE71DC6141B0016F562 /* ConfirmComponentWindow.xib */,
				EA7E78B71DD28EA200C3D9D2 /* StyleElementsTableSource.h */,
				EA7E78B81DD28EA200C3D9D2 /* StyleElementsTableSource.m */,
				EA8479231DD68931003F0D05 /* ArgsDataSource.h */,
				EA8479241DD68931003F0D05 /* ArgsDataSource.m */,
				EA7E78BA1DD29B7000C3D9D2 /* ArgsView.h */,
				EA7E78BB1DD29B7000C3D9D2 /* ArgsView.m */,
				EA5DFDEA1DC614400016F562 /* ConfirmJunctionWindow.h */,
				EA5DFDEB1DC614400016F562 /* ConfirmJunctionWindow.m */,
				EA5DFDEC1DC614400016F562 /* ConfirmJunctionWindow.xib */,
				EA4B29901DC8D75600A08E02 /* SignalDataSource.h */,
				EA4B29911DC8D75600A08E02 /* SignalDataSource.m */,
				EA4B29931DC8D91000A08E02 /* ReceptorDataSource.h */,
				EA4B29941DC8D91000A08E02 /* ReceptorDataSource.m */,
			);
			path = Confirms;
			sourceTree = "<group>";
		};
		EA7492DF1DD3DD04009A2EF9 /* UIViews */ = {
			isa = PBXGroup;
			children = (
				EA7492E01DD3DD04009A2EF9 /* CustomView.h */,
				EA7492E11DD3DD04009A2EF9 /* CustomView.m */,
			);
			path = UIViews;
			sourceTree = "<group>";
		};
		EA7E78B31DD2608600C3D9D2 /* Menu */ = {
			isa = PBXGroup;
			children = (
				EA7E78B41DD2608600C3D9D2 /* MenuView.h */,
				EA7E78B51DD2608600C3D9D2 /* MenuView.m */,
			);
			path = Menu;
			sourceTree = "<group>";
		};
		EACBB4431DC3FE7800C10644 /* ConfObjects */ = {
			isa = PBXGroup;
			children = (
				EACBB4441DC3FE7800C10644 /* MIAComponent.h */,
				EACBB4451DC3FE7800C10644 /* MIAComponent.m */,
				EACBB4461DC3FE7800C10644 /* MIAJunction.h */,
				EACBB4471DC3FE7800C10644 /* MIAJunction.m */,
				EACBB4481DC3FE7800C10644 /* MIAStyle.h */,
				EACBB4491DC3FE7800C10644 /* MIAStyle.m */,
				D16E45791DD1DDCC003E921E /* StyleDef */,
				EA5DFDD71DC601920016F562 /* MIAObject.h */,
				EA5DFDD81DC601920016F562 /* MIAObject.m */,
			);
			path = ConfObjects;
			sourceTree = "<group>";
		};
		EACBB45C1DC404BA00C10644 /* UIObjects */ = {
			isa = PBXGroup;
			children = (
				EACBB45D1DC404BA00C10644 /* MIAUIComponent.h */,
				EACBB45E1DC404BA00C10644 /* MIAUIComponent.m */,
				EA2C0E321DC521410082EE70 /* MIAUIComponent.xib */,
				EACBB45F1DC404BA00C10644 /* MIAUIJunction.h */,
				EACBB4601DC404BA00C10644 /* MIAUIJunction.m */,
				EA5DFDEF1DC6275A0016F562 /* MIAUIJunction.xib */,
				EACBB4611DC404BA00C10644 /* MIAUIStyle.h */,
				EACBB4621DC404BA00C10644 /* MIAUIStyle.m */,
				EA192B711DD143D900B54034 /* MIAUIStyle.xib */,
				EACBB4661DC4055500C10644 /* MIAUIObject.h */,
				EACBB4671DC4055500C10644 /* MIAUIObject.m */,
			);
			path = UIObjects;
			sourceTree = "<group>";
		};
		EAD405F81DCD499300AEA504 /* UIButtons */ = {
			isa = PBXGroup;
			children = (
				EAD405F91DCD499300AEA504 /* ArrowButton.h */,
				EAD405FA1DCD499300AEA504 /* ArrowButton.m */,
				EAD405FB1DCD499300AEA504 /* CancelButton.h */,
				EAD405FC1DCD499300AEA504 /* CancelButton.m */,
				EAD405FD1DCD499300AEA504 /* CustomButton.h */,
				EAD405FE1DCD499300AEA504 /* CustomButton.m */,
			);
			path = UIButtons;
			sourceTree = "<group>";
		};
/* End PBXGroup section */

/* Begin PBXNativeTarget section */
		EA0228C61DC15EF3009EC56E /* Cappuccino */ = {
			isa = PBXNativeTarget;
			buildConfigurationList = EA0228EE1DC15EF4009EC56E /* Build configuration list for PBXNativeTarget "Cappuccino" */;
			buildPhases = (
				EA0228C31DC15EF3009EC56E /* Sources */,
				EA0228C41DC15EF3009EC56E /* Frameworks */,
				EA0228C51DC15EF3009EC56E /* Resources */,
				D18815041DD5E755006CB064 /* Embed Frameworks */,
			);
			buildRules = (
			);
			dependencies = (
			);
			name = Cappuccino;
			productName = ConfCreator;
			productReference = EA0228C71DC15EF3009EC56E /* Cappuccino.app */;
			productType = "com.apple.product-type.application";
		};
/* End PBXNativeTarget section */

/* Begin PBXProject section */
		EA0228BF1DC15EF3009EC56E /* Project object */ = {
			isa = PBXProject;
			attributes = {
				LastUpgradeCheck = 0800;
				ORGANIZATIONNAME = private;
				TargetAttributes = {
					EA0228C61DC15EF3009EC56E = {
						CreatedOnToolsVersion = 7.3.1;
					};
				};
			};
			buildConfigurationList = EA0228C21DC15EF3009EC56E /* Build configuration list for PBXProject "Cappuccino" */;
			compatibilityVersion = "Xcode 3.2";
			developmentRegion = English;
			hasScannedForEncodings = 0;
			knownRegions = (
				en,
				Base,
				ar,
				da,
				de,
				"es-MX",
				es,
				fi,
				"fr-BE",
				fr,
				he,
				"hi-IN",
				id,
				it,
				ja,
				ko,
				"nl-BE",
				nl,
				"pt-PT",
				pt,
				ru,
				"zh-Hans",
				"zh-Hant",
			);
			mainGroup = EA0228BE1DC15EF3009EC56E;
			productRefGroup = EA0228C81DC15EF3009EC56E /* Products */;
			projectDirPath = "";
			projectRoot = "";
			targets = (
				EA0228C61DC15EF3009EC56E /* Cappuccino */,
			);
		};
/* End PBXProject section */

/* Begin PBXResourcesBuildPhase section */
		EA0228C51DC15EF3009EC56E /* Resources */ = {
			isa = PBXResourcesBuildPhase;
			buildActionMask = 2147483647;
			files = (
				D127FB131DD9ED3A00DF0647 /* Roboto-Thin.ttf in Resources */,
				EA5DFDEE1DC614400016F562 /* ConfirmJunctionWindow.xib in Resources */,
				EA5DFDE91DC6141B0016F562 /* ConfirmComponentWindow.xib in Resources */,
				D127FB111DD9ED3A00DF0647 /* Roboto-MediumItalic.ttf in Resources */,
				D127FB0F1DD9ED3A00DF0647 /* Roboto-LightItalic.ttf in Resources */,
				EA3CFCE21DDBCD8F00EBB8A1 /* Jennifer Lynne.ttf in Resources */,
				EA4B298C1DC8CED900A08E02 /* Surabanglus.ttf in Resources */,
				D127FB141DD9ED3A00DF0647 /* Roboto-ThinItalic.ttf in Resources */,
				D127FB0E1DD9ED3A00DF0647 /* Roboto-Light.ttf in Resources */,
				D127FB121DD9ED3A00DF0647 /* Roboto-Regular.ttf in Resources */,
				D127FB101DD9ED3A00DF0647 /* Roboto-Medium.ttf in Resources */,
				D18814F41DD5E55D006CB064 /* apple.png in Resources */,
				D127FAF41DD9EABE00DF0647 /* Linearicons-Free.ttf in Resources */,
				D127FB081DD9ED3A00DF0647 /* Roboto-BoldCondensed.ttf in Resources */,
				D11B441E1DD2476F00343C58 /* Code-Bold.otf in Resources */,
				EA192B721DD143D900B54034 /* MIAUIStyle.xib in Resources */,
				D127FB091DD9ED3A00DF0647 /* Roboto-BoldCondensedItalic.ttf in Resources */,
				D127FB0D1DD9ED3A00DF0647 /* Roboto-Italic.ttf in Resources */,
				D127FB061DD9ED3A00DF0647 /* Roboto-BlackItalic.ttf in Resources */,
				EA0228D11DC15EF4009EC56E /* Assets.xcassets in Resources */,
				EA5DFDF01DC6275A0016F562 /* MIAUIJunction.xib in Resources */,
				D127FB0A1DD9ED3A00DF0647 /* Roboto-BoldItalic.ttf in Resources */,
				D127FB0B1DD9ED3A00DF0647 /* Roboto-Condensed.ttf in Resources */,
				EA4B298A1DC8CE4600A08E02 /* fontawesome-webfont.ttf in Resources */,
				EA30CAF01DD780FC001F397C /* LoadJsonWindow.xib in Resources */,
				D127FB0C1DD9ED3A00DF0647 /* Roboto-CondensedItalic.ttf in Resources */,
				D127FB051DD9ED3A00DF0647 /* Roboto-Black.ttf in Resources */,
				EA0228D41DC15EF4009EC56E /* MainMenu.xib in Resources */,
				D127FB071DD9ED3A00DF0647 /* Roboto-Bold.ttf in Resources */,
				EA2C0E331DC521410082EE70 /* MIAUIComponent.xib in Resources */,
				EA0DA9E31DDA870C00803AE9 /* j_placeholder_list.png in Resources */,
				EA1D84CA1DDA83CE0071DB4B /* placeholder_list.png in Resources */,
			);
			runOnlyForDeploymentPostprocessing = 0;
		};
/* End PBXResourcesBuildPhase section */

/* Begin PBXSourcesBuildPhase section */
		EA0228C31DC15EF3009EC56E /* Sources */ = {
			isa = PBXSourcesBuildPhase;
			buildActionMask = 2147483647;
			files = (
				EAD405FF1DCD499300AEA504 /* ArrowButton.m in Sources */,
				EA5DFDF61DC6689C0016F562 /* MIAConfigurationPrinter.m in Sources */,
				EA0228CF1DC15EF4009EC56E /* main.m in Sources */,
				EA7E78BC1DD29B7000C3D9D2 /* ArgsView.m in Sources */,
				EAD406011DCD499300AEA504 /* CustomButton.m in Sources */,
				EA7492E21DD3DD04009A2EF9 /* CustomView.m in Sources */,
				EACBB4651DC404BA00C10644 /* MIAUIStyle.m in Sources */,
				EA5DFDE21DC613EA0016F562 /* JunctionsView.m in Sources */,
				EA4B29921DC8D75600A08E02 /* SignalDataSource.m in Sources */,
				EA5DFDF31DC662810016F562 /* MIAObjectsDecoder.m in Sources */,
				EACBB4631DC404BA00C10644 /* MIAUIComponent.m in Sources */,
				EACBB44C1DC3FE7800C10644 /* MIAStyle.m in Sources */,
				EACBB44A1DC3FE7800C10644 /* MIAComponent.m in Sources */,
				EACBB44F1DC3FE8E00C10644 /* MIAConfiguration.m in Sources */,
				EACBB4641DC404BA00C10644 /* MIAUIJunction.m in Sources */,
				EA192B6F1DD1432800B54034 /* StylerView.m in Sources */,
				EA1D84C51DDA7D0F0071DB4B /* CustomWindow.m in Sources */,
				EA5DFDE31DC613EA0016F562 /* StackView.m in Sources */,
				EAD406041DCD4AA000AEA504 /* JunctionsLinker.m in Sources */,
				EACBB44B1DC3FE7800C10644 /* MIAJunction.m in Sources */,
				D1962EED1DD4A8E400411E5F /* TesterViewController.m in Sources */,
				EA5DFDE11DC613EA0016F562 /* ComponentsView.m in Sources */,
				EA30CAEF1DD780FC001F397C /* LoadJsonWindow.m in Sources */,
				D16E457D1DD1DDF4003E921E /* StyleDefinitions.m in Sources */,
				EA5DFDED1DC614400016F562 /* ConfirmJunctionWindow.m in Sources */,
				EA7E78B61DD2608600C3D9D2 /* MenuView.m in Sources */,
				EA0228CC1DC15EF4009EC56E /* AppDelegate.m in Sources */,
				EA02291C1DC1749E009EC56E /* NoodleLineNumberView.m in Sources */,
				EAD405F41DCD47CE00AEA504 /* NoodleLineNumberMarker.m in Sources */,
				EAD406001DCD499300AEA504 /* CancelButton.m in Sources */,
				EACBB4681DC4055500C10644 /* MIAUIObject.m in Sources */,
				EA8479251DD68931003F0D05 /* ArgsDataSource.m in Sources */,
				EA5DFDD91DC601920016F562 /* MIAObject.m in Sources */,
				D1962EF01DD4A8FA00411E5F /* ChameleonAppDelegate.m in Sources */,
				EA5DFDE81DC6141B0016F562 /* ConfirmComponentWindow.m in Sources */,
				EA7E78B91DD28EA200C3D9D2 /* StyleElementsTableSource.m in Sources */,
				D16048CA1DD3847B00A1B328 /* MainView.m in Sources */,
				EA4B29951DC8D91000A08E02 /* ReceptorDataSource.m in Sources */,
				EAD405F71DCD492A00AEA504 /* CompsReader.m in Sources */,
				EACBB4361DC3F3F400C10644 /* Utils.m in Sources */,
				EA30CAE51DD77CEC001F397C /* FileManager.m in Sources */,
			);
			runOnlyForDeploymentPostprocessing = 0;
		};
/* End PBXSourcesBuildPhase section */

/* Begin PBXVariantGroup section */
		EA0228D21DC15EF4009EC56E /* MainMenu.xib */ = {
			isa = PBXVariantGroup;
			children = (
				EA0228D31DC15EF4009EC56E /* Base */,
			);
			name = MainMenu.xib;
			sourceTree = "<group>";
		};
/* End PBXVariantGroup section */

/* Begin XCBuildConfiguration section */
		EA0228EC1DC15EF4009EC56E /* Debug */ = {
			isa = XCBuildConfiguration;
			buildSettings = {
				ALWAYS_SEARCH_USER_PATHS = NO;
				CLANG_ANALYZER_NONNULL = YES;
				CLANG_CXX_LANGUAGE_STANDARD = "gnu++0x";
				CLANG_CXX_LIBRARY = "libc++";
				CLANG_ENABLE_MODULES = YES;
				CLANG_ENABLE_OBJC_ARC = YES;
				CLANG_WARN_BOOL_CONVERSION = YES;
				CLANG_WARN_CONSTANT_CONVERSION = YES;
				CLANG_WARN_DIRECT_OBJC_ISA_USAGE = YES_ERROR;
				CLANG_WARN_EMPTY_BODY = YES;
				CLANG_WARN_ENUM_CONVERSION = YES;
				CLANG_WARN_INFINITE_RECURSION = YES;
				CLANG_WARN_INT_CONVERSION = YES;
				CLANG_WARN_OBJC_ROOT_CLASS = YES_ERROR;
				CLANG_WARN_SUSPICIOUS_MOVE = YES;
				CLANG_WARN_UNREACHABLE_CODE = YES;
				CLANG_WARN__DUPLICATE_METHOD_MATCH = YES;
				CODE_SIGN_IDENTITY = "-";
				COPY_PHASE_STRIP = NO;
				DEBUG_INFORMATION_FORMAT = dwarf;
				ENABLE_STRICT_OBJC_MSGSEND = YES;
				ENABLE_TESTABILITY = YES;
				GCC_C_LANGUAGE_STANDARD = gnu99;
				GCC_DYNAMIC_NO_PIC = NO;
				GCC_NO_COMMON_BLOCKS = YES;
				GCC_OPTIMIZATION_LEVEL = 0;
				GCC_PREPROCESSOR_DEFINITIONS = (
					"DEBUG=1",
					"$(inherited)",
				);
				GCC_WARN_64_TO_32_BIT_CONVERSION = YES;
				GCC_WARN_ABOUT_RETURN_TYPE = YES_ERROR;
				GCC_WARN_UNDECLARED_SELECTOR = YES;
				GCC_WARN_UNINITIALIZED_AUTOS = YES_AGGRESSIVE;
				GCC_WARN_UNUSED_FUNCTION = YES;
				GCC_WARN_UNUSED_VARIABLE = YES;
				MACOSX_DEPLOYMENT_TARGET = 10.11;
				MTL_ENABLE_DEBUG_INFO = YES;
				ONLY_ACTIVE_ARCH = YES;
				SDKROOT = macosx;
			};
			name = Debug;
		};
		EA0228ED1DC15EF4009EC56E /* Release */ = {
			isa = XCBuildConfiguration;
			buildSettings = {
				ALWAYS_SEARCH_USER_PATHS = NO;
				CLANG_ANALYZER_NONNULL = YES;
				CLANG_CXX_LANGUAGE_STANDARD = "gnu++0x";
				CLANG_CXX_LIBRARY = "libc++";
				CLANG_ENABLE_MODULES = YES;
				CLANG_ENABLE_OBJC_ARC = YES;
				CLANG_WARN_BOOL_CONVERSION = YES;
				CLANG_WARN_CONSTANT_CONVERSION = YES;
				CLANG_WARN_DIRECT_OBJC_ISA_USAGE = YES_ERROR;
				CLANG_WARN_EMPTY_BODY = YES;
				CLANG_WARN_ENUM_CONVERSION = YES;
				CLANG_WARN_INFINITE_RECURSION = YES;
				CLANG_WARN_INT_CONVERSION = YES;
				CLANG_WARN_OBJC_ROOT_CLASS = YES_ERROR;
				CLANG_WARN_SUSPICIOUS_MOVE = YES;
				CLANG_WARN_UNREACHABLE_CODE = YES;
				CLANG_WARN__DUPLICATE_METHOD_MATCH = YES;
				CODE_SIGN_IDENTITY = "-";
				COPY_PHASE_STRIP = NO;
				DEBUG_INFORMATION_FORMAT = "dwarf-with-dsym";
				ENABLE_NS_ASSERTIONS = NO;
				ENABLE_STRICT_OBJC_MSGSEND = YES;
				GCC_C_LANGUAGE_STANDARD = gnu99;
				GCC_NO_COMMON_BLOCKS = YES;
				GCC_WARN_64_TO_32_BIT_CONVERSION = YES;
				GCC_WARN_ABOUT_RETURN_TYPE = YES_ERROR;
				GCC_WARN_UNDECLARED_SELECTOR = YES;
				GCC_WARN_UNINITIALIZED_AUTOS = YES_AGGRESSIVE;
				GCC_WARN_UNUSED_FUNCTION = YES;
				GCC_WARN_UNUSED_VARIABLE = YES;
				MACOSX_DEPLOYMENT_TARGET = 10.11;
				MTL_ENABLE_DEBUG_INFO = NO;
				SDKROOT = macosx;
			};
			name = Release;
		};
		EA0228EF1DC15EF4009EC56E /* Debug */ = {
			isa = XCBuildConfiguration;
			buildSettings = {
				ASSETCATALOG_COMPILER_APPICON_NAME = AppIcon;
				CLANG_ALLOW_NON_MODULAR_INCLUDES_IN_FRAMEWORK_MODULES = YES;
				COMBINE_HIDPI_IMAGES = YES;
				FRAMEWORK_SEARCH_PATHS = (
					"$(inherited)",
					"$(PROJECT_DIR)/Build/Products/Debug",
					"$(PROJECT_DIR)",
					"$(PROJECT_DIR)/Build/Products/Debug-iphonesimulator",
					"$(PROJECT_DIR)/MIACore/frameworks",
				);
				INFOPLIST_FILE = ConfCreator/Info.plist;
				LD_RUNPATH_SEARCH_PATHS = "$(inherited) @executable_path/../Frameworks";
				PRODUCT_BUNDLE_IDENTIFIER = private.ConfCreator;
				PRODUCT_NAME = Cappuccino;
			};
			name = Debug;
		};
		EA0228F01DC15EF4009EC56E /* Release */ = {
			isa = XCBuildConfiguration;
			buildSettings = {
				ASSETCATALOG_COMPILER_APPICON_NAME = AppIcon;
				CLANG_ALLOW_NON_MODULAR_INCLUDES_IN_FRAMEWORK_MODULES = YES;
				COMBINE_HIDPI_IMAGES = YES;
				COPY_PHASE_STRIP = YES;
				FRAMEWORK_SEARCH_PATHS = (
					"$(inherited)",
					"$(PROJECT_DIR)/Build/Products/Debug",
					"$(PROJECT_DIR)",
					"$(PROJECT_DIR)/Build/Products/Debug-iphonesimulator",
					"$(PROJECT_DIR)/MIACore/frameworks",
				);
				INFOPLIST_FILE = ConfCreator/Info.plist;
				LD_RUNPATH_SEARCH_PATHS = "$(inherited) @executable_path/../Frameworks";
				PRODUCT_BUNDLE_IDENTIFIER = private.ConfCreator;
				PRODUCT_NAME = Cappuccino;
			};
			name = Release;
		};
/* End XCBuildConfiguration section */

/* Begin XCConfigurationList section */
		EA0228C21DC15EF3009EC56E /* Build configuration list for PBXProject "Cappuccino" */ = {
			isa = XCConfigurationList;
			buildConfigurations = (
				EA0228EC1DC15EF4009EC56E /* Debug */,
				EA0228ED1DC15EF4009EC56E /* Release */,
			);
			defaultConfigurationIsVisible = 0;
			defaultConfigurationName = Release;
		};
		EA0228EE1DC15EF4009EC56E /* Build configuration list for PBXNativeTarget "Cappuccino" */ = {
			isa = XCConfigurationList;
			buildConfigurations = (
				EA0228EF1DC15EF4009EC56E /* Debug */,
				EA0228F01DC15EF4009EC56E /* Release */,
			);
			defaultConfigurationIsVisible = 0;
			defaultConfigurationName = Release;
		};
/* End XCConfigurationList section */
	};
	rootObject = EA0228BF1DC15EF3009EC56E /* Project object */;
}
