// !$*UTF8*$!
{
	archiveVersion = 1;
	classes = {
	};
	objectVersion = 46;
	objects = {

/* Begin PBXBuildFile section */
		D11B441E1DD2476F00343C58 /* Code-Bold.otf in Resources */ = {isa = PBXBuildFile; fileRef = D11B441D1DD2476F00343C58 /* Code-Bold.otf */; };
		D16E457D1DD1DDF4003E921E /* StyleDefinitions.m in Sources */ = {isa = PBXBuildFile; fileRef = D16E457C1DD1DDF4003E921E /* StyleDefinitions.m */; };
		EA0228CC1DC15EF4009EC56E /* AppDelegate.m in Sources */ = {isa = PBXBuildFile; fileRef = EA0228CB1DC15EF4009EC56E /* AppDelegate.m */; };
		EA0228CF1DC15EF4009EC56E /* main.m in Sources */ = {isa = PBXBuildFile; fileRef = EA0228CE1DC15EF4009EC56E /* main.m */; };
		EA0228D11DC15EF4009EC56E /* Assets.xcassets in Resources */ = {isa = PBXBuildFile; fileRef = EA0228D01DC15EF4009EC56E /* Assets.xcassets */; };
		EA0228D41DC15EF4009EC56E /* MainMenu.xib in Resources */ = {isa = PBXBuildFile; fileRef = EA0228D21DC15EF4009EC56E /* MainMenu.xib */; };
		EA0228DF1DC15EF4009EC56E /* ConfCreatorTests.m in Sources */ = {isa = PBXBuildFile; fileRef = EA0228DE1DC15EF4009EC56E /* ConfCreatorTests.m */; };
		EA0228EA1DC15EF4009EC56E /* ConfCreatorUITests.m in Sources */ = {isa = PBXBuildFile; fileRef = EA0228E91DC15EF4009EC56E /* ConfCreatorUITests.m */; };
		EA02291C1DC1749E009EC56E /* NoodleLineNumberView.m in Sources */ = {isa = PBXBuildFile; fileRef = EA0229071DC1749E009EC56E /* NoodleLineNumberView.m */; settings = {COMPILER_FLAGS = "-fno-objc-arc"; }; };
		EA192B6F1DD1432800B54034 /* StylerView.m in Sources */ = {isa = PBXBuildFile; fileRef = EA192B6E1DD1432800B54034 /* StylerView.m */; };
		EA192B721DD143D900B54034 /* MIAUIStyle.xib in Resources */ = {isa = PBXBuildFile; fileRef = EA192B711DD143D900B54034 /* MIAUIStyle.xib */; };
		EA2C0E331DC521410082EE70 /* MIAUIComponent.xib in Resources */ = {isa = PBXBuildFile; fileRef = EA2C0E321DC521410082EE70 /* MIAUIComponent.xib */; };
		EA4B298A1DC8CE4600A08E02 /* fontawesome-webfont.ttf in Resources */ = {isa = PBXBuildFile; fileRef = EA4B29891DC8CE4600A08E02 /* fontawesome-webfont.ttf */; };
		EA4B298C1DC8CED900A08E02 /* Surabanglus.ttf in Resources */ = {isa = PBXBuildFile; fileRef = EA4B298B1DC8CED900A08E02 /* Surabanglus.ttf */; };
		EA4B29921DC8D75600A08E02 /* SignalDataSource.m in Sources */ = {isa = PBXBuildFile; fileRef = EA4B29911DC8D75600A08E02 /* SignalDataSource.m */; };
		EA4B29951DC8D91000A08E02 /* ReceptorDataSource.m in Sources */ = {isa = PBXBuildFile; fileRef = EA4B29941DC8D91000A08E02 /* ReceptorDataSource.m */; };
		EA5DFDD91DC601920016F562 /* MIAObject.m in Sources */ = {isa = PBXBuildFile; fileRef = EA5DFDD81DC601920016F562 /* MIAObject.m */; };
		EA5DFDE11DC613EA0016F562 /* ComponentsView.m in Sources */ = {isa = PBXBuildFile; fileRef = EA5DFDDC1DC613EA0016F562 /* ComponentsView.m */; };
		EA5DFDE21DC613EA0016F562 /* JunctionsView.m in Sources */ = {isa = PBXBuildFile; fileRef = EA5DFDDE1DC613EA0016F562 /* JunctionsView.m */; };
		EA5DFDE31DC613EA0016F562 /* StackView.m in Sources */ = {isa = PBXBuildFile; fileRef = EA5DFDE01DC613EA0016F562 /* StackView.m */; };
		EA5DFDE81DC6141B0016F562 /* ConfirmComponentWindow.m in Sources */ = {isa = PBXBuildFile; fileRef = EA5DFDE61DC6141B0016F562 /* ConfirmComponentWindow.m */; };
		EA5DFDE91DC6141B0016F562 /* ConfirmComponentWindow.xib in Resources */ = {isa = PBXBuildFile; fileRef = EA5DFDE71DC6141B0016F562 /* ConfirmComponentWindow.xib */; };
		EA5DFDED1DC614400016F562 /* ConfirmJunctionWindow.m in Sources */ = {isa = PBXBuildFile; fileRef = EA5DFDEB1DC614400016F562 /* ConfirmJunctionWindow.m */; };
		EA5DFDEE1DC614400016F562 /* ConfirmJunctionWindow.xib in Resources */ = {isa = PBXBuildFile; fileRef = EA5DFDEC1DC614400016F562 /* ConfirmJunctionWindow.xib */; };
		EA5DFDF01DC6275A0016F562 /* MIAUIJunction.xib in Resources */ = {isa = PBXBuildFile; fileRef = EA5DFDEF1DC6275A0016F562 /* MIAUIJunction.xib */; };
		EA5DFDF31DC662810016F562 /* MIAObjectsDecoder.m in Sources */ = {isa = PBXBuildFile; fileRef = EA5DFDF21DC662810016F562 /* MIAObjectsDecoder.m */; };
		EA5DFDF61DC6689C0016F562 /* MIAConfigurationPrinter.m in Sources */ = {isa = PBXBuildFile; fileRef = EA5DFDF51DC6689C0016F562 /* MIAConfigurationPrinter.m */; };
		EA7E78B61DD2608600C3D9D2 /* MenuView.m in Sources */ = {isa = PBXBuildFile; fileRef = EA7E78B51DD2608600C3D9D2 /* MenuView.m */; };
		EA7E78B91DD28EA200C3D9D2 /* StyleElementsTableSource.m in Sources */ = {isa = PBXBuildFile; fileRef = EA7E78B81DD28EA200C3D9D2 /* StyleElementsTableSource.m */; };
		EA7E78BC1DD29B7000C3D9D2 /* ArgsView.m in Sources */ = {isa = PBXBuildFile; fileRef = EA7E78BB1DD29B7000C3D9D2 /* ArgsView.m */; };
		EACBB4361DC3F3F400C10644 /* Utils.m in Sources */ = {isa = PBXBuildFile; fileRef = EACBB4351DC3F3F400C10644 /* Utils.m */; };
		EACBB44A1DC3FE7800C10644 /* MIAComponent.m in Sources */ = {isa = PBXBuildFile; fileRef = EACBB4451DC3FE7800C10644 /* MIAComponent.m */; };
		EACBB44B1DC3FE7800C10644 /* MIAJunction.m in Sources */ = {isa = PBXBuildFile; fileRef = EACBB4471DC3FE7800C10644 /* MIAJunction.m */; };
		EACBB44C1DC3FE7800C10644 /* MIAStyle.m in Sources */ = {isa = PBXBuildFile; fileRef = EACBB4491DC3FE7800C10644 /* MIAStyle.m */; };
		EACBB44F1DC3FE8E00C10644 /* MIAConfiguration.m in Sources */ = {isa = PBXBuildFile; fileRef = EACBB44E1DC3FE8E00C10644 /* MIAConfiguration.m */; };
		EACBB4631DC404BA00C10644 /* MIAUIComponent.m in Sources */ = {isa = PBXBuildFile; fileRef = EACBB45E1DC404BA00C10644 /* MIAUIComponent.m */; };
		EACBB4641DC404BA00C10644 /* MIAUIJunction.m in Sources */ = {isa = PBXBuildFile; fileRef = EACBB4601DC404BA00C10644 /* MIAUIJunction.m */; };
		EACBB4651DC404BA00C10644 /* MIAUIStyle.m in Sources */ = {isa = PBXBuildFile; fileRef = EACBB4621DC404BA00C10644 /* MIAUIStyle.m */; };
		EACBB4681DC4055500C10644 /* MIAUIObject.m in Sources */ = {isa = PBXBuildFile; fileRef = EACBB4671DC4055500C10644 /* MIAUIObject.m */; };
		EAD405F41DCD47CE00AEA504 /* NoodleLineNumberMarker.m in Sources */ = {isa = PBXBuildFile; fileRef = EAD405F31DCD47CE00AEA504 /* NoodleLineNumberMarker.m */; };
		EAD405F71DCD492A00AEA504 /* CompsReader.m in Sources */ = {isa = PBXBuildFile; fileRef = EAD405F61DCD492A00AEA504 /* CompsReader.m */; };
		EAD405FF1DCD499300AEA504 /* ArrowButton.m in Sources */ = {isa = PBXBuildFile; fileRef = EAD405FA1DCD499300AEA504 /* ArrowButton.m */; };
		EAD406001DCD499300AEA504 /* CancelButton.m in Sources */ = {isa = PBXBuildFile; fileRef = EAD405FC1DCD499300AEA504 /* CancelButton.m */; };
		EAD406011DCD499300AEA504 /* CustomButton.m in Sources */ = {isa = PBXBuildFile; fileRef = EAD405FE1DCD499300AEA504 /* CustomButton.m */; };
		EAD406041DCD4AA000AEA504 /* JunctionsLinker.m in Sources */ = {isa = PBXBuildFile; fileRef = EAD406031DCD4AA000AEA504 /* JunctionsLinker.m */; };
/* End PBXBuildFile section */

/* Begin PBXContainerItemProxy section */
		D1C00DB51DD0EA7000B864A0 /* PBXContainerItemProxy */ = {
			isa = PBXContainerItemProxy;
			containerPortal = D1C00DB11DD0EA7000B864A0 /* UIKit.xcodeproj */;
			proxyType = 2;
			remoteGlobalIDString = 8DC2EF5B0486A6940098B216;
			remoteInfo = UIKit;
		};
		EA0228DB1DC15EF4009EC56E /* PBXContainerItemProxy */ = {
			isa = PBXContainerItemProxy;
			containerPortal = EA0228BF1DC15EF3009EC56E /* Project object */;
			proxyType = 1;
			remoteGlobalIDString = EA0228C61DC15EF3009EC56E;
			remoteInfo = ConfCreator;
		};
		EA0228E61DC15EF4009EC56E /* PBXContainerItemProxy */ = {
			isa = PBXContainerItemProxy;
			containerPortal = EA0228BF1DC15EF3009EC56E /* Project object */;
			proxyType = 1;
			remoteGlobalIDString = EA0228C61DC15EF3009EC56E;
			remoteInfo = ConfCreator;
		};
/* End PBXContainerItemProxy section */

/* Begin PBXCopyFilesBuildPhase section */
		D1C00DAA1DD0E98300B864A0 /* Embed Frameworks */ = {
			isa = PBXCopyFilesBuildPhase;
			buildActionMask = 2147483647;
			dstPath = "";
			dstSubfolderSpec = 10;
			files = (
			);
			name = "Embed Frameworks";
			runOnlyForDeploymentPostprocessing = 0;
		};
/* End PBXCopyFilesBuildPhase section */

/* Begin PBXFileReference section */
		D11B441D1DD2476F00343C58 /* Code-Bold.otf */ = {isa = PBXFileReference; lastKnownFileType = file; path = "Code-Bold.otf"; sourceTree = "<group>"; };
		D16E457B1DD1DDF4003E921E /* StyleDefinitions.h */ = {isa = PBXFileReference; fileEncoding = 4; lastKnownFileType = sourcecode.c.h; path = StyleDefinitions.h; sourceTree = "<group>"; };
		D16E457C1DD1DDF4003E921E /* StyleDefinitions.m */ = {isa = PBXFileReference; fileEncoding = 4; lastKnownFileType = sourcecode.c.objc; path = StyleDefinitions.m; sourceTree = "<group>"; };
		D1C00DB11DD0EA7000B864A0 /* UIKit.xcodeproj */ = {isa = PBXFileReference; lastKnownFileType = "wrapper.pb-project"; name = UIKit.xcodeproj; path = UIKit/UIKit.xcodeproj; sourceTree = "<group>"; };
		EA0228C71DC15EF3009EC56E /* ConfCreator.app */ = {isa = PBXFileReference; explicitFileType = wrapper.application; includeInIndex = 0; path = ConfCreator.app; sourceTree = BUILT_PRODUCTS_DIR; };
		EA0228CA1DC15EF3009EC56E /* AppDelegate.h */ = {isa = PBXFileReference; lastKnownFileType = sourcecode.c.h; path = AppDelegate.h; sourceTree = "<group>"; };
		EA0228CB1DC15EF4009EC56E /* AppDelegate.m */ = {isa = PBXFileReference; lastKnownFileType = sourcecode.c.objc; path = AppDelegate.m; sourceTree = "<group>"; };
		EA0228CE1DC15EF4009EC56E /* main.m */ = {isa = PBXFileReference; lastKnownFileType = sourcecode.c.objc; path = main.m; sourceTree = "<group>"; };
		EA0228D01DC15EF4009EC56E /* Assets.xcassets */ = {isa = PBXFileReference; lastKnownFileType = folder.assetcatalog; path = Assets.xcassets; sourceTree = "<group>"; };
		EA0228D31DC15EF4009EC56E /* Base */ = {isa = PBXFileReference; lastKnownFileType = file.xib; name = Base; path = Base.lproj/MainMenu.xib; sourceTree = "<group>"; };
		EA0228D51DC15EF4009EC56E /* Info.plist */ = {isa = PBXFileReference; lastKnownFileType = text.plist.xml; path = Info.plist; sourceTree = "<group>"; };
		EA0228DA1DC15EF4009EC56E /* ConfCreatorTests.xctest */ = {isa = PBXFileReference; explicitFileType = wrapper.cfbundle; includeInIndex = 0; path = ConfCreatorTests.xctest; sourceTree = BUILT_PRODUCTS_DIR; };
		EA0228DE1DC15EF4009EC56E /* ConfCreatorTests.m */ = {isa = PBXFileReference; lastKnownFileType = sourcecode.c.objc; path = ConfCreatorTests.m; sourceTree = "<group>"; };
		EA0228E01DC15EF4009EC56E /* Info.plist */ = {isa = PBXFileReference; lastKnownFileType = text.plist.xml; path = Info.plist; sourceTree = "<group>"; };
		EA0228E51DC15EF4009EC56E /* ConfCreatorUITests.xctest */ = {isa = PBXFileReference; explicitFileType = wrapper.cfbundle; includeInIndex = 0; path = ConfCreatorUITests.xctest; sourceTree = BUILT_PRODUCTS_DIR; };
		EA0228E91DC15EF4009EC56E /* ConfCreatorUITests.m */ = {isa = PBXFileReference; lastKnownFileType = sourcecode.c.objc; path = ConfCreatorUITests.m; sourceTree = "<group>"; };
		EA0228EB1DC15EF4009EC56E /* Info.plist */ = {isa = PBXFileReference; lastKnownFileType = text.plist.xml; path = Info.plist; sourceTree = "<group>"; };
		EA0229061DC1749E009EC56E /* NoodleLineNumberView.h */ = {isa = PBXFileReference; fileEncoding = 4; lastKnownFileType = sourcecode.c.h; path = NoodleLineNumberView.h; sourceTree = "<group>"; };
		EA0229071DC1749E009EC56E /* NoodleLineNumberView.m */ = {isa = PBXFileReference; fileEncoding = 4; lastKnownFileType = sourcecode.c.objc; path = NoodleLineNumberView.m; sourceTree = "<group>"; };
		EA192B6D1DD1432800B54034 /* StylerView.h */ = {isa = PBXFileReference; fileEncoding = 4; lastKnownFileType = sourcecode.c.h; path = StylerView.h; sourceTree = "<group>"; };
		EA192B6E1DD1432800B54034 /* StylerView.m */ = {isa = PBXFileReference; fileEncoding = 4; lastKnownFileType = sourcecode.c.objc; path = StylerView.m; sourceTree = "<group>"; };
		EA192B711DD143D900B54034 /* MIAUIStyle.xib */ = {isa = PBXFileReference; fileEncoding = 4; lastKnownFileType = file.xib; path = MIAUIStyle.xib; sourceTree = "<group>"; };
		EA2C0E321DC521410082EE70 /* MIAUIComponent.xib */ = {isa = PBXFileReference; fileEncoding = 4; lastKnownFileType = file.xib; path = MIAUIComponent.xib; sourceTree = "<group>"; };
		EA4B29891DC8CE4600A08E02 /* fontawesome-webfont.ttf */ = {isa = PBXFileReference; lastKnownFileType = file; path = "fontawesome-webfont.ttf"; sourceTree = "<group>"; };
		EA4B298B1DC8CED900A08E02 /* Surabanglus.ttf */ = {isa = PBXFileReference; lastKnownFileType = file; path = Surabanglus.ttf; sourceTree = "<group>"; };
		EA4B29901DC8D75600A08E02 /* SignalDataSource.h */ = {isa = PBXFileReference; fileEncoding = 4; lastKnownFileType = sourcecode.c.h; path = SignalDataSource.h; sourceTree = "<group>"; };
		EA4B29911DC8D75600A08E02 /* SignalDataSource.m */ = {isa = PBXFileReference; fileEncoding = 4; lastKnownFileType = sourcecode.c.objc; path = SignalDataSource.m; sourceTree = "<group>"; };
		EA4B29931DC8D91000A08E02 /* ReceptorDataSource.h */ = {isa = PBXFileReference; fileEncoding = 4; lastKnownFileType = sourcecode.c.h; path = ReceptorDataSource.h; sourceTree = "<group>"; };
		EA4B29941DC8D91000A08E02 /* ReceptorDataSource.m */ = {isa = PBXFileReference; fileEncoding = 4; lastKnownFileType = sourcecode.c.objc; path = ReceptorDataSource.m; sourceTree = "<group>"; };
		EA5DFDD71DC601920016F562 /* MIAObject.h */ = {isa = PBXFileReference; fileEncoding = 4; lastKnownFileType = sourcecode.c.h; path = MIAObject.h; sourceTree = "<group>"; };
		EA5DFDD81DC601920016F562 /* MIAObject.m */ = {isa = PBXFileReference; fileEncoding = 4; lastKnownFileType = sourcecode.c.objc; path = MIAObject.m; sourceTree = "<group>"; };
		EA5DFDDB1DC613EA0016F562 /* ComponentsView.h */ = {isa = PBXFileReference; fileEncoding = 4; lastKnownFileType = sourcecode.c.h; path = ComponentsView.h; sourceTree = "<group>"; };
		EA5DFDDC1DC613EA0016F562 /* ComponentsView.m */ = {isa = PBXFileReference; fileEncoding = 4; lastKnownFileType = sourcecode.c.objc; path = ComponentsView.m; sourceTree = "<group>"; };
		EA5DFDDD1DC613EA0016F562 /* JunctionsView.h */ = {isa = PBXFileReference; fileEncoding = 4; lastKnownFileType = sourcecode.c.h; path = JunctionsView.h; sourceTree = "<group>"; };
		EA5DFDDE1DC613EA0016F562 /* JunctionsView.m */ = {isa = PBXFileReference; fileEncoding = 4; lastKnownFileType = sourcecode.c.objc; path = JunctionsView.m; sourceTree = "<group>"; };
		EA5DFDDF1DC613EA0016F562 /* StackView.h */ = {isa = PBXFileReference; fileEncoding = 4; lastKnownFileType = sourcecode.c.h; path = StackView.h; sourceTree = "<group>"; };
		EA5DFDE01DC613EA0016F562 /* StackView.m */ = {isa = PBXFileReference; fileEncoding = 4; lastKnownFileType = sourcecode.c.objc; path = StackView.m; sourceTree = "<group>"; };
		EA5DFDE51DC6141B0016F562 /* ConfirmComponentWindow.h */ = {isa = PBXFileReference; fileEncoding = 4; lastKnownFileType = sourcecode.c.h; path = ConfirmComponentWindow.h; sourceTree = "<group>"; };
		EA5DFDE61DC6141B0016F562 /* ConfirmComponentWindow.m */ = {isa = PBXFileReference; fileEncoding = 4; lastKnownFileType = sourcecode.c.objc; path = ConfirmComponentWindow.m; sourceTree = "<group>"; };
		EA5DFDE71DC6141B0016F562 /* ConfirmComponentWindow.xib */ = {isa = PBXFileReference; fileEncoding = 4; lastKnownFileType = file.xib; path = ConfirmComponentWindow.xib; sourceTree = "<group>"; };
		EA5DFDEA1DC614400016F562 /* ConfirmJunctionWindow.h */ = {isa = PBXFileReference; fileEncoding = 4; lastKnownFileType = sourcecode.c.h; path = ConfirmJunctionWindow.h; sourceTree = "<group>"; };
		EA5DFDEB1DC614400016F562 /* ConfirmJunctionWindow.m */ = {isa = PBXFileReference; fileEncoding = 4; lastKnownFileType = sourcecode.c.objc; path = ConfirmJunctionWindow.m; sourceTree = "<group>"; };
		EA5DFDEC1DC614400016F562 /* ConfirmJunctionWindow.xib */ = {isa = PBXFileReference; fileEncoding = 4; lastKnownFileType = file.xib; path = ConfirmJunctionWindow.xib; sourceTree = "<group>"; };
		EA5DFDEF1DC6275A0016F562 /* MIAUIJunction.xib */ = {isa = PBXFileReference; fileEncoding = 4; lastKnownFileType = file.xib; path = MIAUIJunction.xib; sourceTree = "<group>"; };
		EA5DFDF11DC662810016F562 /* MIAObjectsDecoder.h */ = {isa = PBXFileReference; fileEncoding = 4; lastKnownFileType = sourcecode.c.h; path = MIAObjectsDecoder.h; sourceTree = "<group>"; };
		EA5DFDF21DC662810016F562 /* MIAObjectsDecoder.m */ = {isa = PBXFileReference; fileEncoding = 4; lastKnownFileType = sourcecode.c.objc; path = MIAObjectsDecoder.m; sourceTree = "<group>"; };
		EA5DFDF41DC6689C0016F562 /* MIAConfigurationPrinter.h */ = {isa = PBXFileReference; fileEncoding = 4; lastKnownFileType = sourcecode.c.h; path = MIAConfigurationPrinter.h; sourceTree = "<group>"; };
		EA5DFDF51DC6689C0016F562 /* MIAConfigurationPrinter.m */ = {isa = PBXFileReference; fileEncoding = 4; lastKnownFileType = sourcecode.c.objc; path = MIAConfigurationPrinter.m; sourceTree = "<group>"; };
		EA7E78B41DD2608600C3D9D2 /* MenuView.h */ = {isa = PBXFileReference; fileEncoding = 4; lastKnownFileType = sourcecode.c.h; path = MenuView.h; sourceTree = "<group>"; };
		EA7E78B51DD2608600C3D9D2 /* MenuView.m */ = {isa = PBXFileReference; fileEncoding = 4; lastKnownFileType = sourcecode.c.objc; path = MenuView.m; sourceTree = "<group>"; };
		EA7E78B71DD28EA200C3D9D2 /* StyleElementsTableSource.h */ = {isa = PBXFileReference; fileEncoding = 4; lastKnownFileType = sourcecode.c.h; path = StyleElementsTableSource.h; sourceTree = "<group>"; };
		EA7E78B81DD28EA200C3D9D2 /* StyleElementsTableSource.m */ = {isa = PBXFileReference; fileEncoding = 4; lastKnownFileType = sourcecode.c.objc; path = StyleElementsTableSource.m; sourceTree = "<group>"; };
		EA7E78BA1DD29B7000C3D9D2 /* ArgsView.h */ = {isa = PBXFileReference; fileEncoding = 4; lastKnownFileType = sourcecode.c.h; path = ArgsView.h; sourceTree = "<group>"; };
		EA7E78BB1DD29B7000C3D9D2 /* ArgsView.m */ = {isa = PBXFileReference; fileEncoding = 4; lastKnownFileType = sourcecode.c.objc; path = ArgsView.m; sourceTree = "<group>"; };
		EACBB4341DC3F3F400C10644 /* Utils.h */ = {isa = PBXFileReference; fileEncoding = 4; lastKnownFileType = sourcecode.c.h; path = Utils.h; sourceTree = "<group>"; };
		EACBB4351DC3F3F400C10644 /* Utils.m */ = {isa = PBXFileReference; fileEncoding = 4; lastKnownFileType = sourcecode.c.objc; path = Utils.m; sourceTree = "<group>"; };
		EACBB4441DC3FE7800C10644 /* MIAComponent.h */ = {isa = PBXFileReference; fileEncoding = 4; lastKnownFileType = sourcecode.c.h; path = MIAComponent.h; sourceTree = "<group>"; };
		EACBB4451DC3FE7800C10644 /* MIAComponent.m */ = {isa = PBXFileReference; fileEncoding = 4; lastKnownFileType = sourcecode.c.objc; path = MIAComponent.m; sourceTree = "<group>"; };
		EACBB4461DC3FE7800C10644 /* MIAJunction.h */ = {isa = PBXFileReference; fileEncoding = 4; lastKnownFileType = sourcecode.c.h; path = MIAJunction.h; sourceTree = "<group>"; };
		EACBB4471DC3FE7800C10644 /* MIAJunction.m */ = {isa = PBXFileReference; fileEncoding = 4; lastKnownFileType = sourcecode.c.objc; path = MIAJunction.m; sourceTree = "<group>"; };
		EACBB4481DC3FE7800C10644 /* MIAStyle.h */ = {isa = PBXFileReference; fileEncoding = 4; lastKnownFileType = sourcecode.c.h; path = MIAStyle.h; sourceTree = "<group>"; };
		EACBB4491DC3FE7800C10644 /* MIAStyle.m */ = {isa = PBXFileReference; fileEncoding = 4; lastKnownFileType = sourcecode.c.objc; path = MIAStyle.m; sourceTree = "<group>"; };
		EACBB44D1DC3FE8E00C10644 /* MIAConfiguration.h */ = {isa = PBXFileReference; fileEncoding = 4; lastKnownFileType = sourcecode.c.h; path = MIAConfiguration.h; sourceTree = "<group>"; };
		EACBB44E1DC3FE8E00C10644 /* MIAConfiguration.m */ = {isa = PBXFileReference; fileEncoding = 4; lastKnownFileType = sourcecode.c.objc; path = MIAConfiguration.m; sourceTree = "<group>"; };
		EACBB45D1DC404BA00C10644 /* MIAUIComponent.h */ = {isa = PBXFileReference; fileEncoding = 4; lastKnownFileType = sourcecode.c.h; path = MIAUIComponent.h; sourceTree = "<group>"; };
		EACBB45E1DC404BA00C10644 /* MIAUIComponent.m */ = {isa = PBXFileReference; fileEncoding = 4; lastKnownFileType = sourcecode.c.objc; path = MIAUIComponent.m; sourceTree = "<group>"; };
		EACBB45F1DC404BA00C10644 /* MIAUIJunction.h */ = {isa = PBXFileReference; fileEncoding = 4; lastKnownFileType = sourcecode.c.h; path = MIAUIJunction.h; sourceTree = "<group>"; };
		EACBB4601DC404BA00C10644 /* MIAUIJunction.m */ = {isa = PBXFileReference; fileEncoding = 4; lastKnownFileType = sourcecode.c.objc; path = MIAUIJunction.m; sourceTree = "<group>"; };
		EACBB4611DC404BA00C10644 /* MIAUIStyle.h */ = {isa = PBXFileReference; fileEncoding = 4; lastKnownFileType = sourcecode.c.h; path = MIAUIStyle.h; sourceTree = "<group>"; };
		EACBB4621DC404BA00C10644 /* MIAUIStyle.m */ = {isa = PBXFileReference; fileEncoding = 4; lastKnownFileType = sourcecode.c.objc; path = MIAUIStyle.m; sourceTree = "<group>"; };
		EACBB4661DC4055500C10644 /* MIAUIObject.h */ = {isa = PBXFileReference; fileEncoding = 4; lastKnownFileType = sourcecode.c.h; path = MIAUIObject.h; sourceTree = "<group>"; };
		EACBB4671DC4055500C10644 /* MIAUIObject.m */ = {isa = PBXFileReference; fileEncoding = 4; lastKnownFileType = sourcecode.c.objc; path = MIAUIObject.m; sourceTree = "<group>"; };
		EAD405F21DCD47CE00AEA504 /* NoodleLineNumberMarker.h */ = {isa = PBXFileReference; fileEncoding = 4; lastKnownFileType = sourcecode.c.h; path = NoodleLineNumberMarker.h; sourceTree = "<group>"; };
		EAD405F31DCD47CE00AEA504 /* NoodleLineNumberMarker.m */ = {isa = PBXFileReference; fileEncoding = 4; lastKnownFileType = sourcecode.c.objc; path = NoodleLineNumberMarker.m; sourceTree = "<group>"; };
		EAD405F51DCD492A00AEA504 /* CompsReader.h */ = {isa = PBXFileReference; fileEncoding = 4; lastKnownFileType = sourcecode.c.h; path = CompsReader.h; sourceTree = "<group>"; };
		EAD405F61DCD492A00AEA504 /* CompsReader.m */ = {isa = PBXFileReference; fileEncoding = 4; lastKnownFileType = sourcecode.c.objc; path = CompsReader.m; sourceTree = "<group>"; };
		EAD405F91DCD499300AEA504 /* ArrowButton.h */ = {isa = PBXFileReference; fileEncoding = 4; lastKnownFileType = sourcecode.c.h; path = ArrowButton.h; sourceTree = "<group>"; };
		EAD405FA1DCD499300AEA504 /* ArrowButton.m */ = {isa = PBXFileReference; fileEncoding = 4; lastKnownFileType = sourcecode.c.objc; path = ArrowButton.m; sourceTree = "<group>"; };
		EAD405FB1DCD499300AEA504 /* CancelButton.h */ = {isa = PBXFileReference; fileEncoding = 4; lastKnownFileType = sourcecode.c.h; path = CancelButton.h; sourceTree = "<group>"; };
		EAD405FC1DCD499300AEA504 /* CancelButton.m */ = {isa = PBXFileReference; fileEncoding = 4; lastKnownFileType = sourcecode.c.objc; path = CancelButton.m; sourceTree = "<group>"; };
		EAD405FD1DCD499300AEA504 /* CustomButton.h */ = {isa = PBXFileReference; fileEncoding = 4; lastKnownFileType = sourcecode.c.h; path = CustomButton.h; sourceTree = "<group>"; };
		EAD405FE1DCD499300AEA504 /* CustomButton.m */ = {isa = PBXFileReference; fileEncoding = 4; lastKnownFileType = sourcecode.c.objc; path = CustomButton.m; sourceTree = "<group>"; };
		EAD406021DCD4AA000AEA504 /* JunctionsLinker.h */ = {isa = PBXFileReference; fileEncoding = 4; lastKnownFileType = sourcecode.c.h; path = JunctionsLinker.h; sourceTree = "<group>"; };
		EAD406031DCD4AA000AEA504 /* JunctionsLinker.m */ = {isa = PBXFileReference; fileEncoding = 4; lastKnownFileType = sourcecode.c.objc; path = JunctionsLinker.m; sourceTree = "<group>"; };
/* End PBXFileReference section */

/* Begin PBXFrameworksBuildPhase section */
		EA0228C41DC15EF3009EC56E /* Frameworks */ = {
			isa = PBXFrameworksBuildPhase;
			buildActionMask = 2147483647;
			files = (
			);
			runOnlyForDeploymentPostprocessing = 0;
		};
		EA0228D71DC15EF4009EC56E /* Frameworks */ = {
			isa = PBXFrameworksBuildPhase;
			buildActionMask = 2147483647;
			files = (
			);
			runOnlyForDeploymentPostprocessing = 0;
		};
		EA0228E21DC15EF4009EC56E /* Frameworks */ = {
			isa = PBXFrameworksBuildPhase;
			buildActionMask = 2147483647;
			files = (
			);
			runOnlyForDeploymentPostprocessing = 0;
		};
/* End PBXFrameworksBuildPhase section */

/* Begin PBXGroup section */
		D124E06B1DD0DE7600F4BFB2 /* Frameworks */ = {
			isa = PBXGroup;
			children = (
				D1C00DB11DD0EA7000B864A0 /* UIKit.xcodeproj */,
			);
			name = Frameworks;
			sourceTree = "<group>";
		};
		D16E45791DD1DDCC003E921E /* StyleDef */ = {
			isa = PBXGroup;
			children = (
				D16E457B1DD1DDF4003E921E /* StyleDefinitions.h */,
				D16E457C1DD1DDF4003E921E /* StyleDefinitions.m */,
			);
			path = StyleDef;
			sourceTree = "<group>";
		};
		D1C00DB21DD0EA7000B864A0 /* Products */ = {
			isa = PBXGroup;
			children = (
				D1C00DB61DD0EA7000B864A0 /* UIKit.framework */,
			);
			name = Products;
			sourceTree = "<group>";
		};
		EA0228BE1DC15EF3009EC56E = {
			isa = PBXGroup;
			children = (
				EA0228C91DC15EF3009EC56E /* ConfCreator */,
				EA0228DD1DC15EF4009EC56E /* ConfCreatorTests */,
				EA0228E81DC15EF4009EC56E /* ConfCreatorUITests */,
				EA0228C81DC15EF3009EC56E /* Products */,
				D124E06B1DD0DE7600F4BFB2 /* Frameworks */,
			);
			sourceTree = "<group>";
		};
		EA0228C81DC15EF3009EC56E /* Products */ = {
			isa = PBXGroup;
			children = (
				EA0228C71DC15EF3009EC56E /* ConfCreator.app */,
				EA0228DA1DC15EF4009EC56E /* ConfCreatorTests.xctest */,
				EA0228E51DC15EF4009EC56E /* ConfCreatorUITests.xctest */,
			);
			name = Products;
			sourceTree = "<group>";
		};
		EA0228C91DC15EF3009EC56E /* ConfCreator */ = {
			isa = PBXGroup;
			children = (
				EA7E78B31DD2608600C3D9D2 /* Menu */,
				EACBB45C1DC404BA00C10644 /* UIObjects */,
				EACBB4431DC3FE7800C10644 /* ConfObjects */,
				EA5DFDDA1DC613EA0016F562 /* ListUIObjects */,
				EA5DFDE41DC6141B0016F562 /* Confirms */,
				EA0228FD1DC1749E009EC56E /* Noodles */,
				EAD405F81DCD499300AEA504 /* UIButtons */,
				EA0228CA1DC15EF3009EC56E /* AppDelegate.h */,
				EA0228CB1DC15EF4009EC56E /* AppDelegate.m */,
				EACBB4341DC3F3F400C10644 /* Utils.h */,
				EACBB4351DC3F3F400C10644 /* Utils.m */,
				EACBB44D1DC3FE8E00C10644 /* MIAConfiguration.h */,
				EACBB44E1DC3FE8E00C10644 /* MIAConfiguration.m */,
				EA5DFDF41DC6689C0016F562 /* MIAConfigurationPrinter.h */,
				EA5DFDF51DC6689C0016F562 /* MIAConfigurationPrinter.m */,
				EAD405F51DCD492A00AEA504 /* CompsReader.h */,
				EAD405F61DCD492A00AEA504 /* CompsReader.m */,
				EA5DFDF11DC662810016F562 /* MIAObjectsDecoder.h */,
				EA5DFDF21DC662810016F562 /* MIAObjectsDecoder.m */,
				EA0228D01DC15EF4009EC56E /* Assets.xcassets */,
				EA0228D21DC15EF4009EC56E /* MainMenu.xib */,
				EA0228D51DC15EF4009EC56E /* Info.plist */,
				EA0228CD1DC15EF4009EC56E /* Supporting Files */,
				EA4B29861DC8CA2800A08E02 /* Resources */,
			);
			path = ConfCreator;
			sourceTree = "<group>";
		};
		EA0228CD1DC15EF4009EC56E /* Supporting Files */ = {
			isa = PBXGroup;
			children = (
				EA0228CE1DC15EF4009EC56E /* main.m */,
			);
			name = "Supporting Files";
			sourceTree = "<group>";
		};
		EA0228DD1DC15EF4009EC56E /* ConfCreatorTests */ = {
			isa = PBXGroup;
			children = (
				EA0228DE1DC15EF4009EC56E /* ConfCreatorTests.m */,
				EA0228E01DC15EF4009EC56E /* Info.plist */,
			);
			path = ConfCreatorTests;
			sourceTree = "<group>";
		};
		EA0228E81DC15EF4009EC56E /* ConfCreatorUITests */ = {
			isa = PBXGroup;
			children = (
				EA0228E91DC15EF4009EC56E /* ConfCreatorUITests.m */,
				EA0228EB1DC15EF4009EC56E /* Info.plist */,
			);
			path = ConfCreatorUITests;
			sourceTree = "<group>";
		};
		EA0228FD1DC1749E009EC56E /* Noodles */ = {
			isa = PBXGroup;
			children = (
				EAD405F21DCD47CE00AEA504 /* NoodleLineNumberMarker.h */,
				EAD405F31DCD47CE00AEA504 /* NoodleLineNumberMarker.m */,
				EA0229061DC1749E009EC56E /* NoodleLineNumberView.h */,
				EA0229071DC1749E009EC56E /* NoodleLineNumberView.m */,
			);
			path = Noodles;
			sourceTree = "<group>";
		};
		EA4B29861DC8CA2800A08E02 /* Resources */ = {
			isa = PBXGroup;
			children = (
				D11B441D1DD2476F00343C58 /* Code-Bold.otf */,
				EA4B298B1DC8CED900A08E02 /* Surabanglus.ttf */,
				EA4B29891DC8CE4600A08E02 /* fontawesome-webfont.ttf */,
			);
			path = Resources;
			sourceTree = "<group>";
		};
		EA5DFDDA1DC613EA0016F562 /* ListUIObjects */ = {
			isa = PBXGroup;
			children = (
				EA5DFDDB1DC613EA0016F562 /* ComponentsView.h */,
				EA5DFDDC1DC613EA0016F562 /* ComponentsView.m */,
				EA5DFDDD1DC613EA0016F562 /* JunctionsView.h */,
				EA5DFDDE1DC613EA0016F562 /* JunctionsView.m */,
				EAD406021DCD4AA000AEA504 /* JunctionsLinker.h */,
				EAD406031DCD4AA000AEA504 /* JunctionsLinker.m */,
				EA192B6D1DD1432800B54034 /* StylerView.h */,
				EA192B6E1DD1432800B54034 /* StylerView.m */,
				EA5DFDDF1DC613EA0016F562 /* StackView.h */,
				EA5DFDE01DC613EA0016F562 /* StackView.m */,
			);
			path = ListUIObjects;
			sourceTree = "<group>";
		};
		EA5DFDE41DC6141B0016F562 /* Confirms */ = {
			isa = PBXGroup;
			children = (
				EA5DFDE51DC6141B0016F562 /* ConfirmComponentWindow.h */,
				EA5DFDE61DC6141B0016F562 /* ConfirmComponentWindow.m */,
				EA5DFDE71DC6141B0016F562 /* ConfirmComponentWindow.xib */,
				EA7E78B71DD28EA200C3D9D2 /* StyleElementsTableSource.h */,
				EA7E78B81DD28EA200C3D9D2 /* StyleElementsTableSource.m */,
				EA7E78BA1DD29B7000C3D9D2 /* ArgsView.h */,
				EA7E78BB1DD29B7000C3D9D2 /* ArgsView.m */,
				EA5DFDEA1DC614400016F562 /* ConfirmJunctionWindow.h */,
				EA5DFDEB1DC614400016F562 /* ConfirmJunctionWindow.m */,
				EA5DFDEC1DC614400016F562 /* ConfirmJunctionWindow.xib */,
				EA4B29901DC8D75600A08E02 /* SignalDataSource.h */,
				EA4B29911DC8D75600A08E02 /* SignalDataSource.m */,
				EA4B29931DC8D91000A08E02 /* ReceptorDataSource.h */,
				EA4B29941DC8D91000A08E02 /* ReceptorDataSource.m */,
			);
			path = Confirms;
			sourceTree = "<group>";
		};
		EA7E78B31DD2608600C3D9D2 /* Menu */ = {
			isa = PBXGroup;
			children = (
				EA7E78B41DD2608600C3D9D2 /* MenuView.h */,
				EA7E78B51DD2608600C3D9D2 /* MenuView.m */,
			);
			path = Menu;
			sourceTree = "<group>";
		};
		EACBB4431DC3FE7800C10644 /* ConfObjects */ = {
			isa = PBXGroup;
			children = (
				EACBB4441DC3FE7800C10644 /* MIAComponent.h */,
				EACBB4451DC3FE7800C10644 /* MIAComponent.m */,
				EACBB4461DC3FE7800C10644 /* MIAJunction.h */,
				EACBB4471DC3FE7800C10644 /* MIAJunction.m */,
				EACBB4481DC3FE7800C10644 /* MIAStyle.h */,
				EACBB4491DC3FE7800C10644 /* MIAStyle.m */,
				D16E45791DD1DDCC003E921E /* StyleDef */,
				EA5DFDD71DC601920016F562 /* MIAObject.h */,
				EA5DFDD81DC601920016F562 /* MIAObject.m */,
			);
			path = ConfObjects;
			sourceTree = "<group>";
		};
		EACBB45C1DC404BA00C10644 /* UIObjects */ = {
			isa = PBXGroup;
			children = (
				EACBB45D1DC404BA00C10644 /* MIAUIComponent.h */,
				EACBB45E1DC404BA00C10644 /* MIAUIComponent.m */,
				EA2C0E321DC521410082EE70 /* MIAUIComponent.xib */,
				EACBB45F1DC404BA00C10644 /* MIAUIJunction.h */,
				EACBB4601DC404BA00C10644 /* MIAUIJunction.m */,
				EA5DFDEF1DC6275A0016F562 /* MIAUIJunction.xib */,
				EACBB4611DC404BA00C10644 /* MIAUIStyle.h */,
				EACBB4621DC404BA00C10644 /* MIAUIStyle.m */,
				EA192B711DD143D900B54034 /* MIAUIStyle.xib */,
				EACBB4661DC4055500C10644 /* MIAUIObject.h */,
				EACBB4671DC4055500C10644 /* MIAUIObject.m */,
			);
			path = UIObjects;
			sourceTree = "<group>";
		};
		EAD405F81DCD499300AEA504 /* UIButtons */ = {
			isa = PBXGroup;
			children = (
				EAD405F91DCD499300AEA504 /* ArrowButton.h */,
				EAD405FA1DCD499300AEA504 /* ArrowButton.m */,
				EAD405FB1DCD499300AEA504 /* CancelButton.h */,
				EAD405FC1DCD499300AEA504 /* CancelButton.m */,
				EAD405FD1DCD499300AEA504 /* CustomButton.h */,
				EAD405FE1DCD499300AEA504 /* CustomButton.m */,
			);
			path = UIButtons;
			sourceTree = "<group>";
		};
/* End PBXGroup section */

/* Begin PBXNativeTarget section */
		EA0228C61DC15EF3009EC56E /* ConfCreator */ = {
			isa = PBXNativeTarget;
			buildConfigurationList = EA0228EE1DC15EF4009EC56E /* Build configuration list for PBXNativeTarget "ConfCreator" */;
			buildPhases = (
				EA0228C31DC15EF3009EC56E /* Sources */,
				EA0228C41DC15EF3009EC56E /* Frameworks */,
				EA0228C51DC15EF3009EC56E /* Resources */,
				D1C00DAA1DD0E98300B864A0 /* Embed Frameworks */,
			);
			buildRules = (
			);
			dependencies = (
			);
			name = ConfCreator;
			productName = ConfCreator;
			productReference = EA0228C71DC15EF3009EC56E /* ConfCreator.app */;
			productType = "com.apple.product-type.application";
		};
		EA0228D91DC15EF4009EC56E /* ConfCreatorTests */ = {
			isa = PBXNativeTarget;
			buildConfigurationList = EA0228F11DC15EF4009EC56E /* Build configuration list for PBXNativeTarget "ConfCreatorTests" */;
			buildPhases = (
				EA0228D61DC15EF4009EC56E /* Sources */,
				EA0228D71DC15EF4009EC56E /* Frameworks */,
				EA0228D81DC15EF4009EC56E /* Resources */,
			);
			buildRules = (
			);
			dependencies = (
				EA0228DC1DC15EF4009EC56E /* PBXTargetDependency */,
			);
			name = ConfCreatorTests;
			productName = ConfCreatorTests;
			productReference = EA0228DA1DC15EF4009EC56E /* ConfCreatorTests.xctest */;
			productType = "com.apple.product-type.bundle.unit-test";
		};
		EA0228E41DC15EF4009EC56E /* ConfCreatorUITests */ = {
			isa = PBXNativeTarget;
			buildConfigurationList = EA0228F41DC15EF4009EC56E /* Build configuration list for PBXNativeTarget "ConfCreatorUITests" */;
			buildPhases = (
				EA0228E11DC15EF4009EC56E /* Sources */,
				EA0228E21DC15EF4009EC56E /* Frameworks */,
				EA0228E31DC15EF4009EC56E /* Resources */,
			);
			buildRules = (
			);
			dependencies = (
				EA0228E71DC15EF4009EC56E /* PBXTargetDependency */,
			);
			name = ConfCreatorUITests;
			productName = ConfCreatorUITests;
			productReference = EA0228E51DC15EF4009EC56E /* ConfCreatorUITests.xctest */;
			productType = "com.apple.product-type.bundle.ui-testing";
		};
/* End PBXNativeTarget section */

/* Begin PBXProject section */
		EA0228BF1DC15EF3009EC56E /* Project object */ = {
			isa = PBXProject;
			attributes = {
				LastUpgradeCheck = 0800;
				ORGANIZATIONNAME = private;
				TargetAttributes = {
					EA0228C61DC15EF3009EC56E = {
						CreatedOnToolsVersion = 7.3.1;
					};
					EA0228D91DC15EF4009EC56E = {
						CreatedOnToolsVersion = 7.3.1;
						TestTargetID = EA0228C61DC15EF3009EC56E;
					};
					EA0228E41DC15EF4009EC56E = {
						CreatedOnToolsVersion = 7.3.1;
						TestTargetID = EA0228C61DC15EF3009EC56E;
					};
				};
			};
			buildConfigurationList = EA0228C21DC15EF3009EC56E /* Build configuration list for PBXProject "ConfCreator" */;
			compatibilityVersion = "Xcode 3.2";
			developmentRegion = English;
			hasScannedForEncodings = 0;
			knownRegions = (
				en,
				Base,
			);
			mainGroup = EA0228BE1DC15EF3009EC56E;
			productRefGroup = EA0228C81DC15EF3009EC56E /* Products */;
			projectDirPath = "";
			projectReferences = (
				{
					ProductGroup = D1C00DB21DD0EA7000B864A0 /* Products */;
					ProjectRef = D1C00DB11DD0EA7000B864A0 /* UIKit.xcodeproj */;
				},
			);
			projectRoot = "";
			targets = (
				EA0228C61DC15EF3009EC56E /* ConfCreator */,
				EA0228D91DC15EF4009EC56E /* ConfCreatorTests */,
				EA0228E41DC15EF4009EC56E /* ConfCreatorUITests */,
			);
		};
/* End PBXProject section */

/* Begin PBXReferenceProxy section */
		D1C00DB61DD0EA7000B864A0 /* UIKit.framework */ = {
			isa = PBXReferenceProxy;
			fileType = wrapper.framework;
			path = UIKit.framework;
			remoteRef = D1C00DB51DD0EA7000B864A0 /* PBXContainerItemProxy */;
			sourceTree = BUILT_PRODUCTS_DIR;
		};
/* End PBXReferenceProxy section */

/* Begin PBXResourcesBuildPhase section */
		EA0228C51DC15EF3009EC56E /* Resources */ = {
			isa = PBXResourcesBuildPhase;
			buildActionMask = 2147483647;
			files = (
				EA5DFDEE1DC614400016F562 /* ConfirmJunctionWindow.xib in Resources */,
				EA5DFDE91DC6141B0016F562 /* ConfirmComponentWindow.xib in Resources */,
				EA4B298C1DC8CED900A08E02 /* Surabanglus.ttf in Resources */,
				D11B441E1DD2476F00343C58 /* Code-Bold.otf in Resources */,
				EA192B721DD143D900B54034 /* MIAUIStyle.xib in Resources */,
				EA0228D11DC15EF4009EC56E /* Assets.xcassets in Resources */,
				EA5DFDF01DC6275A0016F562 /* MIAUIJunction.xib in Resources */,
				EA4B298A1DC8CE4600A08E02 /* fontawesome-webfont.ttf in Resources */,
				EA0228D41DC15EF4009EC56E /* MainMenu.xib in Resources */,
				EA2C0E331DC521410082EE70 /* MIAUIComponent.xib in Resources */,
			);
			runOnlyForDeploymentPostprocessing = 0;
		};
		EA0228D81DC15EF4009EC56E /* Resources */ = {
			isa = PBXResourcesBuildPhase;
			buildActionMask = 2147483647;
			files = (
			);
			runOnlyForDeploymentPostprocessing = 0;
		};
		EA0228E31DC15EF4009EC56E /* Resources */ = {
			isa = PBXResourcesBuildPhase;
			buildActionMask = 2147483647;
			files = (
			);
			runOnlyForDeploymentPostprocessing = 0;
		};
/* End PBXResourcesBuildPhase section */

/* Begin PBXSourcesBuildPhase section */
		EA0228C31DC15EF3009EC56E /* Sources */ = {
			isa = PBXSourcesBuildPhase;
			buildActionMask = 2147483647;
			files = (
				EAD405FF1DCD499300AEA504 /* ArrowButton.m in Sources */,
				EA5DFDF61DC6689C0016F562 /* MIAConfigurationPrinter.m in Sources */,
				EA0228CF1DC15EF4009EC56E /* main.m in Sources */,
				EA7E78BC1DD29B7000C3D9D2 /* ArgsView.m in Sources */,
				EAD406011DCD499300AEA504 /* CustomButton.m in Sources */,
				EACBB4651DC404BA00C10644 /* MIAUIStyle.m in Sources */,
				EA5DFDE21DC613EA0016F562 /* JunctionsView.m in Sources */,
				EA4B29921DC8D75600A08E02 /* SignalDataSource.m in Sources */,
				EA5DFDF31DC662810016F562 /* MIAObjectsDecoder.m in Sources */,
				EACBB4631DC404BA00C10644 /* MIAUIComponent.m in Sources */,
				EACBB44C1DC3FE7800C10644 /* MIAStyle.m in Sources */,
				EACBB44A1DC3FE7800C10644 /* MIAComponent.m in Sources */,
				EACBB44F1DC3FE8E00C10644 /* MIAConfiguration.m in Sources */,
				EACBB4641DC404BA00C10644 /* MIAUIJunction.m in Sources */,
				EA192B6F1DD1432800B54034 /* StylerView.m in Sources */,
				EA5DFDE31DC613EA0016F562 /* StackView.m in Sources */,
				EAD406041DCD4AA000AEA504 /* JunctionsLinker.m in Sources */,
				EACBB44B1DC3FE7800C10644 /* MIAJunction.m in Sources */,
				EA5DFDE11DC613EA0016F562 /* ComponentsView.m in Sources */,
				D16E457D1DD1DDF4003E921E /* StyleDefinitions.m in Sources */,
				EA5DFDED1DC614400016F562 /* ConfirmJunctionWindow.m in Sources */,
				EA7E78B61DD2608600C3D9D2 /* MenuView.m in Sources */,
				EA0228CC1DC15EF4009EC56E /* AppDelegate.m in Sources */,
				EA02291C1DC1749E009EC56E /* NoodleLineNumberView.m in Sources */,
				EAD405F41DCD47CE00AEA504 /* NoodleLineNumberMarker.m in Sources */,
				EAD406001DCD499300AEA504 /* CancelButton.m in Sources */,
				EACBB4681DC4055500C10644 /* MIAUIObject.m in Sources */,
				EA5DFDD91DC601920016F562 /* MIAObject.m in Sources */,
				EA5DFDE81DC6141B0016F562 /* ConfirmComponentWindow.m in Sources */,
				EA7E78B91DD28EA200C3D9D2 /* StyleElementsTableSource.m in Sources */,
				EA4B29951DC8D91000A08E02 /* ReceptorDataSource.m in Sources */,
				EAD405F71DCD492A00AEA504 /* CompsReader.m in Sources */,
				EACBB4361DC3F3F400C10644 /* Utils.m in Sources */,
			);
			runOnlyForDeploymentPostprocessing = 0;
		};
		EA0228D61DC15EF4009EC56E /* Sources */ = {
			isa = PBXSourcesBuildPhase;
			buildActionMask = 2147483647;
			files = (
				EA0228DF1DC15EF4009EC56E /* ConfCreatorTests.m in Sources */,
			);
			runOnlyForDeploymentPostprocessing = 0;
		};
		EA0228E11DC15EF4009EC56E /* Sources */ = {
			isa = PBXSourcesBuildPhase;
			buildActionMask = 2147483647;
			files = (
				EA0228EA1DC15EF4009EC56E /* ConfCreatorUITests.m in Sources */,
			);
			runOnlyForDeploymentPostprocessing = 0;
		};
/* End PBXSourcesBuildPhase section */

/* Begin PBXTargetDependency section */
		EA0228DC1DC15EF4009EC56E /* PBXTargetDependency */ = {
			isa = PBXTargetDependency;
			target = EA0228C61DC15EF3009EC56E /* ConfCreator */;
			targetProxy = EA0228DB1DC15EF4009EC56E /* PBXContainerItemProxy */;
		};
		EA0228E71DC15EF4009EC56E /* PBXTargetDependency */ = {
			isa = PBXTargetDependency;
			target = EA0228C61DC15EF3009EC56E /* ConfCreator */;
			targetProxy = EA0228E61DC15EF4009EC56E /* PBXContainerItemProxy */;
		};
/* End PBXTargetDependency section */

/* Begin PBXVariantGroup section */
		EA0228D21DC15EF4009EC56E /* MainMenu.xib */ = {
			isa = PBXVariantGroup;
			children = (
				EA0228D31DC15EF4009EC56E /* Base */,
			);
			name = MainMenu.xib;
			sourceTree = "<group>";
		};
/* End PBXVariantGroup section */

/* Begin XCBuildConfiguration section */
		EA0228EC1DC15EF4009EC56E /* Debug */ = {
			isa = XCBuildConfiguration;
			buildSettings = {
				ALWAYS_SEARCH_USER_PATHS = NO;
				CLANG_ANALYZER_NONNULL = YES;
				CLANG_CXX_LANGUAGE_STANDARD = "gnu++0x";
				CLANG_CXX_LIBRARY = "libc++";
				CLANG_ENABLE_MODULES = YES;
				CLANG_ENABLE_OBJC_ARC = YES;
				CLANG_WARN_BOOL_CONVERSION = YES;
				CLANG_WARN_CONSTANT_CONVERSION = YES;
				CLANG_WARN_DIRECT_OBJC_ISA_USAGE = YES_ERROR;
				CLANG_WARN_EMPTY_BODY = YES;
				CLANG_WARN_ENUM_CONVERSION = YES;
				CLANG_WARN_INFINITE_RECURSION = YES;
				CLANG_WARN_INT_CONVERSION = YES;
				CLANG_WARN_OBJC_ROOT_CLASS = YES_ERROR;
				CLANG_WARN_SUSPICIOUS_MOVE = YES;
				CLANG_WARN_UNREACHABLE_CODE = YES;
				CLANG_WARN__DUPLICATE_METHOD_MATCH = YES;
				CODE_SIGN_IDENTITY = "-";
				COPY_PHASE_STRIP = NO;
				DEBUG_INFORMATION_FORMAT = dwarf;
				ENABLE_STRICT_OBJC_MSGSEND = YES;
				ENABLE_TESTABILITY = YES;
				GCC_C_LANGUAGE_STANDARD = gnu99;
				GCC_DYNAMIC_NO_PIC = NO;
				GCC_NO_COMMON_BLOCKS = YES;
				GCC_OPTIMIZATION_LEVEL = 0;
				GCC_PREPROCESSOR_DEFINITIONS = (
					"DEBUG=1",
					"$(inherited)",
				);
				GCC_WARN_64_TO_32_BIT_CONVERSION = YES;
				GCC_WARN_ABOUT_RETURN_TYPE = YES_ERROR;
				GCC_WARN_UNDECLARED_SELECTOR = YES;
				GCC_WARN_UNINITIALIZED_AUTOS = YES_AGGRESSIVE;
				GCC_WARN_UNUSED_FUNCTION = YES;
				GCC_WARN_UNUSED_VARIABLE = YES;
				MACOSX_DEPLOYMENT_TARGET = 10.11;
				MTL_ENABLE_DEBUG_INFO = YES;
				ONLY_ACTIVE_ARCH = YES;
				SDKROOT = macosx;
			};
			name = Debug;
		};
		EA0228ED1DC15EF4009EC56E /* Release */ = {
			isa = XCBuildConfiguration;
			buildSettings = {
				ALWAYS_SEARCH_USER_PATHS = NO;
				CLANG_ANALYZER_NONNULL = YES;
				CLANG_CXX_LANGUAGE_STANDARD = "gnu++0x";
				CLANG_CXX_LIBRARY = "libc++";
				CLANG_ENABLE_MODULES = YES;
				CLANG_ENABLE_OBJC_ARC = YES;
				CLANG_WARN_BOOL_CONVERSION = YES;
				CLANG_WARN_CONSTANT_CONVERSION = YES;
				CLANG_WARN_DIRECT_OBJC_ISA_USAGE = YES_ERROR;
				CLANG_WARN_EMPTY_BODY = YES;
				CLANG_WARN_ENUM_CONVERSION = YES;
				CLANG_WARN_INFINITE_RECURSION = YES;
				CLANG_WARN_INT_CONVERSION = YES;
				CLANG_WARN_OBJC_ROOT_CLASS = YES_ERROR;
				CLANG_WARN_SUSPICIOUS_MOVE = YES;
				CLANG_WARN_UNREACHABLE_CODE = YES;
				CLANG_WARN__DUPLICATE_METHOD_MATCH = YES;
				CODE_SIGN_IDENTITY = "-";
				COPY_PHASE_STRIP = NO;
				DEBUG_INFORMATION_FORMAT = "dwarf-with-dsym";
				ENABLE_NS_ASSERTIONS = NO;
				ENABLE_STRICT_OBJC_MSGSEND = YES;
				GCC_C_LANGUAGE_STANDARD = gnu99;
				GCC_NO_COMMON_BLOCKS = YES;
				GCC_WARN_64_TO_32_BIT_CONVERSION = YES;
				GCC_WARN_ABOUT_RETURN_TYPE = YES_ERROR;
				GCC_WARN_UNDECLARED_SELECTOR = YES;
				GCC_WARN_UNINITIALIZED_AUTOS = YES_AGGRESSIVE;
				GCC_WARN_UNUSED_FUNCTION = YES;
				GCC_WARN_UNUSED_VARIABLE = YES;
				MACOSX_DEPLOYMENT_TARGET = 10.11;
				MTL_ENABLE_DEBUG_INFO = NO;
				SDKROOT = macosx;
			};
			name = Release;
		};
		EA0228EF1DC15EF4009EC56E /* Debug */ = {
			isa = XCBuildConfiguration;
			buildSettings = {
				ASSETCATALOG_COMPILER_APPICON_NAME = AppIcon;
				COMBINE_HIDPI_IMAGES = YES;
				FRAMEWORK_SEARCH_PATHS = (
					"$(inherited)",
					"$(PROJECT_DIR)/Build/Products/Debug",
				);
				INFOPLIST_FILE = ConfCreator/Info.plist;
				LD_RUNPATH_SEARCH_PATHS = "$(inherited) @executable_path/../Frameworks";
				PRODUCT_BUNDLE_IDENTIFIER = private.ConfCreator;
				PRODUCT_NAME = "$(TARGET_NAME)";
			};
			name = Debug;
		};
		EA0228F01DC15EF4009EC56E /* Release */ = {
			isa = XCBuildConfiguration;
			buildSettings = {
				ASSETCATALOG_COMPILER_APPICON_NAME = AppIcon;
				COMBINE_HIDPI_IMAGES = YES;
				FRAMEWORK_SEARCH_PATHS = (
					"$(inherited)",
					"$(PROJECT_DIR)/Build/Products/Debug",
				);
				INFOPLIST_FILE = ConfCreator/Info.plist;
				LD_RUNPATH_SEARCH_PATHS = "$(inherited) @executable_path/../Frameworks";
				PRODUCT_BUNDLE_IDENTIFIER = private.ConfCreator;
				PRODUCT_NAME = "$(TARGET_NAME)";
			};
			name = Release;
		};
		EA0228F21DC15EF4009EC56E /* Debug */ = {
			isa = XCBuildConfiguration;
			buildSettings = {
				BUNDLE_LOADER = "$(TEST_HOST)";
				COMBINE_HIDPI_IMAGES = YES;
				INFOPLIST_FILE = ConfCreatorTests/Info.plist;
				LD_RUNPATH_SEARCH_PATHS = "$(inherited) @executable_path/../Frameworks @loader_path/../Frameworks";
				PRODUCT_BUNDLE_IDENTIFIER = private.ConfCreatorTests;
				PRODUCT_NAME = "$(TARGET_NAME)";
				TEST_HOST = "$(BUILT_PRODUCTS_DIR)/ConfCreator.app/Contents/MacOS/ConfCreator";
			};
			name = Debug;
		};
		EA0228F31DC15EF4009EC56E /* Release */ = {
			isa = XCBuildConfiguration;
			buildSettings = {
				BUNDLE_LOADER = "$(TEST_HOST)";
				COMBINE_HIDPI_IMAGES = YES;
				INFOPLIST_FILE = ConfCreatorTests/Info.plist;
				LD_RUNPATH_SEARCH_PATHS = "$(inherited) @executable_path/../Frameworks @loader_path/../Frameworks";
				PRODUCT_BUNDLE_IDENTIFIER = private.ConfCreatorTests;
				PRODUCT_NAME = "$(TARGET_NAME)";
				TEST_HOST = "$(BUILT_PRODUCTS_DIR)/ConfCreator.app/Contents/MacOS/ConfCreator";
			};
			name = Release;
		};
		EA0228F51DC15EF4009EC56E /* Debug */ = {
			isa = XCBuildConfiguration;
			buildSettings = {
				COMBINE_HIDPI_IMAGES = YES;
				INFOPLIST_FILE = ConfCreatorUITests/Info.plist;
				LD_RUNPATH_SEARCH_PATHS = "$(inherited) @executable_path/../Frameworks @loader_path/../Frameworks";
				PRODUCT_BUNDLE_IDENTIFIER = private.ConfCreatorUITests;
				PRODUCT_NAME = "$(TARGET_NAME)";
				TEST_TARGET_NAME = ConfCreator;
			};
			name = Debug;
		};
		EA0228F61DC15EF4009EC56E /* Release */ = {
			isa = XCBuildConfiguration;
			buildSettings = {
				COMBINE_HIDPI_IMAGES = YES;
				INFOPLIST_FILE = ConfCreatorUITests/Info.plist;
				LD_RUNPATH_SEARCH_PATHS = "$(inherited) @executable_path/../Frameworks @loader_path/../Frameworks";
				PRODUCT_BUNDLE_IDENTIFIER = private.ConfCreatorUITests;
				PRODUCT_NAME = "$(TARGET_NAME)";
				TEST_TARGET_NAME = ConfCreator;
			};
			name = Release;
		};
/* End XCBuildConfiguration section */

/* Begin XCConfigurationList section */
		EA0228C21DC15EF3009EC56E /* Build configuration list for PBXProject "ConfCreator" */ = {
			isa = XCConfigurationList;
			buildConfigurations = (
				EA0228EC1DC15EF4009EC56E /* Debug */,
				EA0228ED1DC15EF4009EC56E /* Release */,
			);
			defaultConfigurationIsVisible = 0;
			defaultConfigurationName = Release;
		};
		EA0228EE1DC15EF4009EC56E /* Build configuration list for PBXNativeTarget "ConfCreator" */ = {
			isa = XCConfigurationList;
			buildConfigurations = (
				EA0228EF1DC15EF4009EC56E /* Debug */,
				EA0228F01DC15EF4009EC56E /* Release */,
			);
			defaultConfigurationIsVisible = 0;
			defaultConfigurationName = Release;
		};
		EA0228F11DC15EF4009EC56E /* Build configuration list for PBXNativeTarget "ConfCreatorTests" */ = {
			isa = XCConfigurationList;
			buildConfigurations = (
				EA0228F21DC15EF4009EC56E /* Debug */,
				EA0228F31DC15EF4009EC56E /* Release */,
			);
			defaultConfigurationIsVisible = 0;
			defaultConfigurationName = Release;
		};
		EA0228F41DC15EF4009EC56E /* Build configuration list for PBXNativeTarget "ConfCreatorUITests" */ = {
			isa = XCConfigurationList;
			buildConfigurations = (
				EA0228F51DC15EF4009EC56E /* Debug */,
				EA0228F61DC15EF4009EC56E /* Release */,
			);
			defaultConfigurationIsVisible = 0;
			defaultConfigurationName = Release;
		};
/* End XCConfigurationList section */
	};
	rootObject = EA0228BF1DC15EF3009EC56E /* Project object */;
}
